// !$*UTF8*$!
{
	archiveVersion = 1;
	classes = {
	};
	objectVersion = 46;
	objects = {

/* Begin PBXBuildFile section */
		1DDD58160DA1D0A300B32029 /* MainMenu.xib in Resources */ = {isa = PBXBuildFile; fileRef = 1DDD58140DA1D0A300B32029 /* MainMenu.xib */; };
		1E311FD410AA6CD700D72994 /* DarkStyleSheet.m in Sources */ = {isa = PBXBuildFile; fileRef = 1E311FD110AA6CD700D72994 /* DarkStyleSheet.m */; };
		1E311FD510AA6CD700D72994 /* LightStyleSheet.m in Sources */ = {isa = PBXBuildFile; fileRef = 1E311FD310AA6CD700D72994 /* LightStyleSheet.m */; };
		1E311FDC10AA6D2200D72994 /* VSStyleController.m in Sources */ = {isa = PBXBuildFile; fileRef = 1E311FD710AA6D2200D72994 /* VSStyleController.m */; };
		1E311FDD10AA6D2200D72994 /* VSStyleLabel.m in Sources */ = {isa = PBXBuildFile; fileRef = 1E311FD910AA6D2200D72994 /* VSStyleLabel.m */; };
		1E311FDE10AA6D2200D72994 /* VSStyleView.m in Sources */ = {isa = PBXBuildFile; fileRef = 1E311FDB10AA6D2200D72994 /* VSStyleView.m */; };
		1E31210410AA7E1900D72994 /* doom-icon.png in Resources */ = {isa = PBXBuildFile; fileRef = 1E31210310AA7E1900D72994 /* doom-icon.png */; };
		1EF41B2113DCE2570068385E /* VillainousStyle.framework in Copy Frameworks */ = {isa = PBXBuildFile; fileRef = 1EF41B1313DCE2480068385E /* VillainousStyle.framework */; };
		1EF41B2213DCE2590068385E /* VillainousStyle.framework in Frameworks */ = {isa = PBXBuildFile; fileRef = 1EF41B1313DCE2480068385E /* VillainousStyle.framework */; };
		8D11072B0486CEB800E47090 /* InfoPlist.strings in Resources */ = {isa = PBXBuildFile; fileRef = 089C165CFE840E0CC02AAC07 /* InfoPlist.strings */; };
		8D11072D0486CEB800E47090 /* main.m in Sources */ = {isa = PBXBuildFile; fileRef = 29B97316FDCFA39411CA2CEA /* main.m */; settings = {ATTRIBUTES = (); }; };
		8D11072F0486CEB800E47090 /* Cocoa.framework in Frameworks */ = {isa = PBXBuildFile; fileRef = 1058C7A1FEA54F0111CA2CBB /* Cocoa.framework */; };
/* End PBXBuildFile section */

/* Begin PBXContainerItemProxy section */
		1EF41B1213DCE2480068385E /* PBXContainerItemProxy */ = {
			isa = PBXContainerItemProxy;
			containerPortal = 1EF41B0D13DCE2480068385E /* VillainousStyle.xcodeproj */;
			proxyType = 2;
			remoteGlobalIDString = 1E9FB09413DCCFD80048873D;
			remoteInfo = VillainousStyleMac;
		};
		1EF41B1413DCE2480068385E /* PBXContainerItemProxy */ = {
			isa = PBXContainerItemProxy;
			containerPortal = 1EF41B0D13DCE2480068385E /* VillainousStyle.xcodeproj */;
			proxyType = 2;
			remoteGlobalIDString = 1E9FB0B013DCD0040048873D;
			remoteInfo = VillainousStyleIOS;
		};
		1EF41B1F13DCE2530068385E /* PBXContainerItemProxy */ = {
			isa = PBXContainerItemProxy;
			containerPortal = 1EF41B0D13DCE2480068385E /* VillainousStyle.xcodeproj */;
			proxyType = 1;
			remoteGlobalIDString = 1E9FB09313DCCFD80048873D;
			remoteInfo = VillainousStyleMac;
		};
/* End PBXContainerItemProxy section */

/* Begin PBXCopyFilesBuildPhase section */
		1E311FFA10AA6E7200D72994 /* Copy Frameworks */ = {
			isa = PBXCopyFilesBuildPhase;
			buildActionMask = 2147483647;
			dstPath = "";
			dstSubfolderSpec = 10;
			files = (
				1EF41B2113DCE2570068385E /* VillainousStyle.framework in Copy Frameworks */,
			);
			name = "Copy Frameworks";
			runOnlyForDeploymentPostprocessing = 0;
		};
/* End PBXCopyFilesBuildPhase section */

/* Begin PBXFileReference section */
		089C165DFE840E0CC02AAC07 /* English */ = {isa = PBXFileReference; fileEncoding = 4; lastKnownFileType = text.plist.strings; name = English; path = English.lproj/InfoPlist.strings; sourceTree = "<group>"; };
		1058C7A1FEA54F0111CA2CBB /* Cocoa.framework */ = {isa = PBXFileReference; lastKnownFileType = wrapper.framework; name = Cocoa.framework; path = /System/Library/Frameworks/Cocoa.framework; sourceTree = "<absolute>"; };
		13E42FB307B3F0F600E4EEF1 /* CoreData.framework */ = {isa = PBXFileReference; lastKnownFileType = wrapper.framework; name = CoreData.framework; path = /System/Library/Frameworks/CoreData.framework; sourceTree = "<absolute>"; };
		1DDD58150DA1D0A300B32029 /* English */ = {isa = PBXFileReference; lastKnownFileType = file.xib; name = English; path = English.lproj/MainMenu.xib; sourceTree = "<group>"; };
		1E311FD010AA6CD700D72994 /* DarkStyleSheet.h */ = {isa = PBXFileReference; fileEncoding = 4; lastKnownFileType = sourcecode.c.h; path = DarkStyleSheet.h; sourceTree = "<group>"; };
		1E311FD110AA6CD700D72994 /* DarkStyleSheet.m */ = {isa = PBXFileReference; fileEncoding = 4; lastKnownFileType = sourcecode.c.objc; path = DarkStyleSheet.m; sourceTree = "<group>"; };
		1E311FD210AA6CD700D72994 /* LightStyleSheet.h */ = {isa = PBXFileReference; fileEncoding = 4; lastKnownFileType = sourcecode.c.h; path = LightStyleSheet.h; sourceTree = "<group>"; };
		1E311FD310AA6CD700D72994 /* LightStyleSheet.m */ = {isa = PBXFileReference; fileEncoding = 4; lastKnownFileType = sourcecode.c.objc; path = LightStyleSheet.m; sourceTree = "<group>"; };
		1E311FD610AA6D2200D72994 /* VSStyleController.h */ = {isa = PBXFileReference; fileEncoding = 4; lastKnownFileType = sourcecode.c.h; path = VSStyleController.h; sourceTree = "<group>"; };
		1E311FD710AA6D2200D72994 /* VSStyleController.m */ = {isa = PBXFileReference; fileEncoding = 4; lastKnownFileType = sourcecode.c.objc; path = VSStyleController.m; sourceTree = "<group>"; };
		1E311FD810AA6D2200D72994 /* VSStyleLabel.h */ = {isa = PBXFileReference; fileEncoding = 4; lastKnownFileType = sourcecode.c.h; path = VSStyleLabel.h; sourceTree = "<group>"; };
		1E311FD910AA6D2200D72994 /* VSStyleLabel.m */ = {isa = PBXFileReference; fileEncoding = 4; lastKnownFileType = sourcecode.c.objc; path = VSStyleLabel.m; sourceTree = "<group>"; };
		1E311FDA10AA6D2200D72994 /* VSStyleView.h */ = {isa = PBXFileReference; fileEncoding = 4; lastKnownFileType = sourcecode.c.h; path = VSStyleView.h; sourceTree = "<group>"; };
		1E311FDB10AA6D2200D72994 /* VSStyleView.m */ = {isa = PBXFileReference; fileEncoding = 4; lastKnownFileType = sourcecode.c.objc; path = VSStyleView.m; sourceTree = "<group>"; };
		1E31210310AA7E1900D72994 /* doom-icon.png */ = {isa = PBXFileReference; lastKnownFileType = image.png; path = "doom-icon.png"; sourceTree = "<group>"; };
		1EF41B0D13DCE2480068385E /* VillainousStyle.xcodeproj */ = {isa = PBXFileReference; lastKnownFileType = "wrapper.pb-project"; name = VillainousStyle.xcodeproj; path = ../../VillainousStyle.xcodeproj; sourceTree = "<group>"; };
		256AC3F00F4B6AF500CF3369 /* MacDemo_Prefix.pch */ = {isa = PBXFileReference; fileEncoding = 4; lastKnownFileType = sourcecode.c.h; path = MacDemo_Prefix.pch; sourceTree = "<group>"; };
		29B97316FDCFA39411CA2CEA /* main.m */ = {isa = PBXFileReference; fileEncoding = 4; lastKnownFileType = sourcecode.c.objc; path = main.m; sourceTree = "<group>"; };
		29B97324FDCFA39411CA2CEA /* AppKit.framework */ = {isa = PBXFileReference; lastKnownFileType = wrapper.framework; name = AppKit.framework; path = /System/Library/Frameworks/AppKit.framework; sourceTree = "<absolute>"; };
		29B97325FDCFA39411CA2CEA /* Foundation.framework */ = {isa = PBXFileReference; lastKnownFileType = wrapper.framework; name = Foundation.framework; path = /System/Library/Frameworks/Foundation.framework; sourceTree = "<absolute>"; };
		8D1107310486CEB800E47090 /* MacDemo-Info.plist */ = {isa = PBXFileReference; fileEncoding = 4; lastKnownFileType = text.plist.xml; path = "MacDemo-Info.plist"; sourceTree = "<group>"; };
		8D1107320486CEB800E47090 /* MacDemo.app */ = {isa = PBXFileReference; explicitFileType = wrapper.application; includeInIndex = 0; path = MacDemo.app; sourceTree = BUILT_PRODUCTS_DIR; };
/* End PBXFileReference section */

/* Begin PBXFrameworksBuildPhase section */
		8D11072E0486CEB800E47090 /* Frameworks */ = {
			isa = PBXFrameworksBuildPhase;
			buildActionMask = 2147483647;
			files = (
				1EF41B2213DCE2590068385E /* VillainousStyle.framework in Frameworks */,
				8D11072F0486CEB800E47090 /* Cocoa.framework in Frameworks */,
			);
			runOnlyForDeploymentPostprocessing = 0;
		};
/* End PBXFrameworksBuildPhase section */

/* Begin PBXGroup section */
		080E96DDFE201D6D7F000001 /* Classes */ = {
			isa = PBXGroup;
			children = (
				1E311FD610AA6D2200D72994 /* VSStyleController.h */,
				1E311FD710AA6D2200D72994 /* VSStyleController.m */,
				1E311FD810AA6D2200D72994 /* VSStyleLabel.h */,
				1E311FD910AA6D2200D72994 /* VSStyleLabel.m */,
				1E311FDA10AA6D2200D72994 /* VSStyleView.h */,
				1E311FDB10AA6D2200D72994 /* VSStyleView.m */,
				1E311FCF10AA6CD700D72994 /* Stylesheets */,
			);
			path = Classes;
			sourceTree = "<group>";
		};
		1058C7A0FEA54F0111CA2CBB /* Linked Frameworks */ = {
			isa = PBXGroup;
			children = (
				1058C7A1FEA54F0111CA2CBB /* Cocoa.framework */,
			);
			name = "Linked Frameworks";
			sourceTree = "<group>";
		};
		1058C7A2FEA54F0111CA2CBB /* Other Frameworks */ = {
			isa = PBXGroup;
			children = (
				29B97324FDCFA39411CA2CEA /* AppKit.framework */,
				13E42FB307B3F0F600E4EEF1 /* CoreData.framework */,
				29B97325FDCFA39411CA2CEA /* Foundation.framework */,
			);
			name = "Other Frameworks";
			sourceTree = "<group>";
		};
		19C28FACFE9D520D11CA2CBB /* Products */ = {
			isa = PBXGroup;
			children = (
				8D1107320486CEB800E47090 /* MacDemo.app */,
			);
			name = Products;
			sourceTree = "<group>";
		};
		1E311FCF10AA6CD700D72994 /* Stylesheets */ = {
			isa = PBXGroup;
			children = (
				1E311FD010AA6CD700D72994 /* DarkStyleSheet.h */,
				1E311FD110AA6CD700D72994 /* DarkStyleSheet.m */,
				1E311FD210AA6CD700D72994 /* LightStyleSheet.h */,
				1E311FD310AA6CD700D72994 /* LightStyleSheet.m */,
			);
			name = Stylesheets;
			path = ../../Stylesheets;
			sourceTree = "<group>";
		};
		1EF41B0E13DCE2480068385E /* Products */ = {
			isa = PBXGroup;
			children = (
				1EF41B1313DCE2480068385E /* VillainousStyle.framework */,
				1EF41B1513DCE2480068385E /* libVillainousStyle.a */,
			);
			name = Products;
			sourceTree = "<group>";
		};
		29B97314FDCFA39411CA2CEA /* MacDemo */ = {
			isa = PBXGroup;
			children = (
				1EF41B0D13DCE2480068385E /* VillainousStyle.xcodeproj */,
				080E96DDFE201D6D7F000001 /* Classes */,
				29B97315FDCFA39411CA2CEA /* Other Sources */,
				29B97317FDCFA39411CA2CEA /* Resources */,
				29B97323FDCFA39411CA2CEA /* Frameworks */,
				19C28FACFE9D520D11CA2CBB /* Products */,
			);
			name = MacDemo;
			sourceTree = "<group>";
		};
		29B97315FDCFA39411CA2CEA /* Other Sources */ = {
			isa = PBXGroup;
			children = (
				256AC3F00F4B6AF500CF3369 /* MacDemo_Prefix.pch */,
				29B97316FDCFA39411CA2CEA /* main.m */,
			);
			name = "Other Sources";
			sourceTree = "<group>";
		};
		29B97317FDCFA39411CA2CEA /* Resources */ = {
			isa = PBXGroup;
			children = (
				1E31210310AA7E1900D72994 /* doom-icon.png */,
				8D1107310486CEB800E47090 /* MacDemo-Info.plist */,
				089C165CFE840E0CC02AAC07 /* InfoPlist.strings */,
				1DDD58140DA1D0A300B32029 /* MainMenu.xib */,
			);
			path = Resources;
			sourceTree = "<group>";
		};
		29B97323FDCFA39411CA2CEA /* Frameworks */ = {
			isa = PBXGroup;
			children = (
				1058C7A0FEA54F0111CA2CBB /* Linked Frameworks */,
				1058C7A2FEA54F0111CA2CBB /* Other Frameworks */,
			);
			name = Frameworks;
			sourceTree = "<group>";
		};
/* End PBXGroup section */

/* Begin PBXNativeTarget section */
		8D1107260486CEB800E47090 /* MacDemo */ = {
			isa = PBXNativeTarget;
			buildConfigurationList = C01FCF4A08A954540054247B /* Build configuration list for PBXNativeTarget "MacDemo" */;
			buildPhases = (
				1E311FFA10AA6E7200D72994 /* Copy Frameworks */,
				8D1107290486CEB800E47090 /* Resources */,
				8D11072C0486CEB800E47090 /* Sources */,
				8D11072E0486CEB800E47090 /* Frameworks */,
			);
			buildRules = (
			);
			dependencies = (
				1EF41B2013DCE2530068385E /* PBXTargetDependency */,
			);
			name = MacDemo;
			productInstallPath = "$(HOME)/Applications";
			productName = MacDemo;
			productReference = 8D1107320486CEB800E47090 /* MacDemo.app */;
			productType = "com.apple.product-type.application";
		};
/* End PBXNativeTarget section */

/* Begin PBXProject section */
		29B97313FDCFA39411CA2CEA /* Project object */ = {
			isa = PBXProject;
			attributes = {
				LastUpgradeCheck = 0410;
			};
			buildConfigurationList = C01FCF4E08A954540054247B /* Build configuration list for PBXProject "MacDemo" */;
			compatibilityVersion = "Xcode 3.2";
			developmentRegion = English;
			hasScannedForEncodings = 1;
			knownRegions = (
				en,
			);
			mainGroup = 29B97314FDCFA39411CA2CEA /* MacDemo */;
			projectDirPath = "";
			projectReferences = (
				{
					ProductGroup = 1EF41B0E13DCE2480068385E /* Products */;
					ProjectRef = 1EF41B0D13DCE2480068385E /* VillainousStyle.xcodeproj */;
				},
			);
			projectRoot = "";
			targets = (
				8D1107260486CEB800E47090 /* MacDemo */,
			);
		};
/* End PBXProject section */

/* Begin PBXReferenceProxy section */
		1EF41B1313DCE2480068385E /* VillainousStyle.framework */ = {
			isa = PBXReferenceProxy;
			fileType = wrapper.framework;
			path = VillainousStyle.framework;
			remoteRef = 1EF41B1213DCE2480068385E /* PBXContainerItemProxy */;
			sourceTree = BUILT_PRODUCTS_DIR;
		};
		1EF41B1513DCE2480068385E /* libVillainousStyle.a */ = {
			isa = PBXReferenceProxy;
			fileType = archive.ar;
			path = libVillainousStyle.a;
			remoteRef = 1EF41B1413DCE2480068385E /* PBXContainerItemProxy */;
			sourceTree = BUILT_PRODUCTS_DIR;
		};
/* End PBXReferenceProxy section */

/* Begin PBXResourcesBuildPhase section */
		8D1107290486CEB800E47090 /* Resources */ = {
			isa = PBXResourcesBuildPhase;
			buildActionMask = 2147483647;
			files = (
				8D11072B0486CEB800E47090 /* InfoPlist.strings in Resources */,
				1DDD58160DA1D0A300B32029 /* MainMenu.xib in Resources */,
				1E31210410AA7E1900D72994 /* doom-icon.png in Resources */,
			);
			runOnlyForDeploymentPostprocessing = 0;
		};
/* End PBXResourcesBuildPhase section */

/* Begin PBXSourcesBuildPhase section */
		8D11072C0486CEB800E47090 /* Sources */ = {
			isa = PBXSourcesBuildPhase;
			buildActionMask = 2147483647;
			files = (
				8D11072D0486CEB800E47090 /* main.m in Sources */,
				1E311FD410AA6CD700D72994 /* DarkStyleSheet.m in Sources */,
				1E311FD510AA6CD700D72994 /* LightStyleSheet.m in Sources */,
				1E311FDC10AA6D2200D72994 /* VSStyleController.m in Sources */,
				1E311FDD10AA6D2200D72994 /* VSStyleLabel.m in Sources */,
				1E311FDE10AA6D2200D72994 /* VSStyleView.m in Sources */,
			);
			runOnlyForDeploymentPostprocessing = 0;
		};
/* End PBXSourcesBuildPhase section */

/* Begin PBXTargetDependency section */
		1EF41B2013DCE2530068385E /* PBXTargetDependency */ = {
			isa = PBXTargetDependency;
			name = VillainousStyleMac;
			targetProxy = 1EF41B1F13DCE2530068385E /* PBXContainerItemProxy */;
		};
/* End PBXTargetDependency section */

/* Begin PBXVariantGroup section */
		089C165CFE840E0CC02AAC07 /* InfoPlist.strings */ = {
			isa = PBXVariantGroup;
			children = (
				089C165DFE840E0CC02AAC07 /* English */,
			);
			name = InfoPlist.strings;
			sourceTree = "<group>";
		};
		1DDD58140DA1D0A300B32029 /* MainMenu.xib */ = {
			isa = PBXVariantGroup;
			children = (
				1DDD58150DA1D0A300B32029 /* English */,
			);
			name = MainMenu.xib;
			sourceTree = "<group>";
		};
/* End PBXVariantGroup section */

/* Begin XCBuildConfiguration section */
		C01FCF4B08A954540054247B /* Debug */ = {
			isa = XCBuildConfiguration;
			buildSettings = {
				ALWAYS_SEARCH_USER_PATHS = YES;
				COPY_PHASE_STRIP = NO;
				FRAMEWORK_SEARCH_PATHS = (
					"$(inherited)",
					"$(BUILT_PRODUCTS_DIR)",
				);
				GCC_DYNAMIC_NO_PIC = NO;
				GCC_MODEL_TUNING = G5;
				GCC_OPTIMIZATION_LEVEL = 0;
				GCC_PRECOMPILE_PREFIX_HEADER = YES;
				GCC_PREFIX_HEADER = MacDemo_Prefix.pch;
				HEADER_SEARCH_PATHS = "$(BUILT_PRODUCTS_DIR)/usr/local/include";
				INFOPLIST_FILE = "Resources/MacDemo-Info.plist";
				INSTALL_PATH = "$(HOME)/Applications";
				PRODUCT_NAME = MacDemo;
				PRODUCT_PATH = "${CONFIGURATION_BUILD_DIR}/${PRODUCT_NAME}.${WRAPPER_EXTENSION}";
				SDKROOT = macosx10.6;
			};
			name = Debug;
		};
		C01FCF4C08A954540054247B /* Release */ = {
			isa = XCBuildConfiguration;
			buildSettings = {
				ALWAYS_SEARCH_USER_PATHS = NO;
				DEBUG_INFORMATION_FORMAT = "dwarf-with-dsym";
				FRAMEWORK_SEARCH_PATHS = (
					"$(inherited)",
					"$(BUILT_PRODUCTS_DIR)",
				);
				GCC_MODEL_TUNING = G5;
				GCC_PRECOMPILE_PREFIX_HEADER = YES;
				GCC_PREFIX_HEADER = MacDemo_Prefix.pch;
				INFOPLIST_FILE = "Resources/MacDemo-Info.plist";
				INSTALL_PATH = "$(HOME)/Applications";
				PRODUCT_NAME = MacDemo;
				PRODUCT_PATH = "${CONFIGURATION_BUILD_DIR}/${PRODUCT_NAME}.${WRAPPER_EXTENSION}";
				SDKROOT = macosx10.6;
			};
			name = Release;
		};
		C01FCF4F08A954540054247B /* Debug */ = {
			isa = XCBuildConfiguration;
			buildSettings = {
				ARCHS = "$(ARCHS_STANDARD_32_64_BIT)";
				GCC_C_LANGUAGE_STANDARD = gnu99;
				GCC_OPTIMIZATION_LEVEL = 0;
				GCC_WARN_ABOUT_RETURN_TYPE = YES;
				GCC_WARN_UNUSED_VARIABLE = YES;
				ONLY_ACTIVE_ARCH = YES;
				SDKROOT = macosx10.6;
			};
			name = Debug;
		};
		C01FCF5008A954540054247B /* Release */ = {
			isa = XCBuildConfiguration;
			buildSettings = {
				ARCHS = "$(ARCHS_STANDARD_32_64_BIT)";
				GCC_C_LANGUAGE_STANDARD = gnu99;
				GCC_WARN_ABOUT_RETURN_TYPE = YES;
				GCC_WARN_UNUSED_VARIABLE = YES;
				SDKROOT = macosx10.6;
			};
			name = Release;
		};
/* End XCBuildConfiguration section */

/* Begin XCConfigurationList section */
		C01FCF4A08A954540054247B /* Build configuration list for PBXNativeTarget "MacDemo" */ = {
			isa = XCConfigurationList;
			buildConfigurations = (
				C01FCF4B08A954540054247B /* Debug */,
				C01FCF4C08A954540054247B /* Release */,
			);
			defaultConfigurationIsVisible = 0;
			defaultConfigurationName = Release;
		};
		C01FCF4E08A954540054247B /* Build configuration list for PBXProject "MacDemo" */ = {
			isa = XCConfigurationList;
			buildConfigurations = (
				C01FCF4F08A954540054247B /* Debug */,
				C01FCF5008A954540054247B /* Release */,
			);
			defaultConfigurationIsVisible = 0;
			defaultConfigurationName = Release;
		};
/* End XCConfigurationList section */
	};
	rootObject = 29B97313FDCFA39411CA2CEA /* Project object */;
}
