// !$*UTF8*$!
{
	archiveVersion = 1;
	classes = {
	};
	objectVersion = 45;
	objects = {

/* Begin PBXAggregateTarget section */
		1E2370F010CB6A4100A03525 /* Headers */ = {
			isa = PBXAggregateTarget;
			buildConfigurationList = 1E2370FA10CB6A6400A03525 /* Build configuration list for PBXAggregateTarget "Headers" */;
			buildPhases = (
				1E2370EF10CB6A4100A03525 /* CopyFiles */,
			);
			dependencies = (
			);
			name = Headers;
			productName = Headers;
		};
/* End PBXAggregateTarget section */

/* Begin PBXBuildFile section */
		1E0BEA2610EEEA1C007CF5C8 /* VillainousStyle.h in Headers */ = {isa = PBXBuildFile; fileRef = 1E0BEA2510EEEA1C007CF5C8 /* VillainousStyle.h */; };
		1E0BEA2710EEEA1C007CF5C8 /* VillainousStyle.h in Headers */ = {isa = PBXBuildFile; fileRef = 1E0BEA2510EEEA1C007CF5C8 /* VillainousStyle.h */; settings = {ATTRIBUTES = (Public, ); }; };
		1E0BEA2810EEEA1C007CF5C8 /* VillainousStyle.h in Headers */ = {isa = PBXBuildFile; fileRef = 1E0BEA2510EEEA1C007CF5C8 /* VillainousStyle.h */; };
		1E0FDD6C101A7A0A007AFA92 /* NSColor+CGColor.m in Sources */ = {isa = PBXBuildFile; fileRef = 1E68218B10182C4B005A22F6 /* NSColor+CGColor.m */; };
		1E0FDD6D101A7A0A007AFA92 /* NSImage+CGImage.m in Sources */ = {isa = PBXBuildFile; fileRef = 1E0FDD2510184C18007AFA92 /* NSImage+CGImage.m */; };
		1E0FDD6E101A7A0A007AFA92 /* VSShape.m in Sources */ = {isa = PBXBuildFile; fileRef = 1E681DAF10181ABB005A22F6 /* VSShape.m */; };
		1E0FDD6F101A7A0A007AFA92 /* VSInnerShadowStyle.m in Sources */ = {isa = PBXBuildFile; fileRef = 1E0FDCD5101844D7007AFA92 /* VSInnerShadowStyle.m */; };
		1E0FDD70101A7A0A007AFA92 /* VSPartStyle.m in Sources */ = {isa = PBXBuildFile; fileRef = 1E681E0C10181DAE005A22F6 /* VSPartStyle.m */; };
		1E0FDD71101A7A0A007AFA92 /* VSSolidFillStyle.m in Sources */ = {isa = PBXBuildFile; fileRef = 1E682090101825C3005A22F6 /* VSSolidFillStyle.m */; };
		1E0FDD72101A7A0A007AFA92 /* VSInsetStyle.m in Sources */ = {isa = PBXBuildFile; fileRef = 1E68212510182924005A22F6 /* VSInsetStyle.m */; };
		1E0FDD73101A7A0A007AFA92 /* NSView+VSStyle.m in Sources */ = {isa = PBXBuildFile; fileRef = 1E682065101822B0005A22F6 /* NSView+VSStyle.m */; };
		1E0FDD74101A7A0A007AFA92 /* VSRectangleShape.m in Sources */ = {isa = PBXBuildFile; fileRef = 1E681E3F101820D7005A22F6 /* VSRectangleShape.m */; };
		1E0FDD75101A7A0A007AFA92 /* VSMaskStyle.m in Sources */ = {isa = PBXBuildFile; fileRef = 1E0FDD1C10184B86007AFA92 /* VSMaskStyle.m */; };
		1E0FDD76101A7A0A007AFA92 /* NSColorAdditions.m in Sources */ = {isa = PBXBuildFile; fileRef = 1E0FDBCE1018395E007AFA92 /* NSColorAdditions.m */; };
		1E0FDD77101A7A0A007AFA92 /* VSSolidBorderStyle.m in Sources */ = {isa = PBXBuildFile; fileRef = 1E6821AB10182DA0005A22F6 /* VSSolidBorderStyle.m */; };
		1E0FDD78101A7A0A007AFA92 /* VSLinearGradientFillStyle.m in Sources */ = {isa = PBXBuildFile; fileRef = 1E68214310182A1F005A22F6 /* VSLinearGradientFillStyle.m */; };
		1E0FDD79101A7A0A007AFA92 /* VSShapeStyle.m in Sources */ = {isa = PBXBuildFile; fileRef = 1E6821EC10182FD5005A22F6 /* VSShapeStyle.m */; };
		1E0FDD7A101A7A0A007AFA92 /* VSStyleContext.m in Sources */ = {isa = PBXBuildFile; fileRef = 1E681E0710181C6C005A22F6 /* VSStyleContext.m */; };
		1E0FDD7B101A7A0A007AFA92 /* VSStyle.m in Sources */ = {isa = PBXBuildFile; fileRef = 1E6819CE10181810005A22F6 /* VSStyle.m */; };
		1E0FDD7C101A7A0A007AFA92 /* VSRoundedRightArrowShape.m in Sources */ = {isa = PBXBuildFile; fileRef = 1E682228101835DA005A22F6 /* VSRoundedRightArrowShape.m */; };
		1E0FDD7D101A7A0A007AFA92 /* VSReflectiveFillStyle.m in Sources */ = {isa = PBXBuildFile; fileRef = 1E68228810183826005A22F6 /* VSReflectiveFillStyle.m */; };
		1E0FDD7E101A7A0A007AFA92 /* VSShadowStyle.m in Sources */ = {isa = PBXBuildFile; fileRef = 1E6821C110182EBA005A22F6 /* VSShadowStyle.m */; };
		1E0FDD7F101A7A0A007AFA92 /* VSBoxStyle.m in Sources */ = {isa = PBXBuildFile; fileRef = 1E0FDD0610184A48007AFA92 /* VSBoxStyle.m */; };
		1E0FDD80101A7A0A007AFA92 /* VSRoundedLeftArrowShape.m in Sources */ = {isa = PBXBuildFile; fileRef = 1E68222B10183602005A22F6 /* VSRoundedLeftArrowShape.m */; };
		1E0FDD81101A7A0A007AFA92 /* VSBevelBorderStyle.m in Sources */ = {isa = PBXBuildFile; fileRef = 1E0FDC5C101840EF007AFA92 /* VSBevelBorderStyle.m */; };
		1E0FDD82101A7A0A007AFA92 /* VSFourBorderStyle.m in Sources */ = {isa = PBXBuildFile; fileRef = 1E0FDCE210184535007AFA92 /* VSFourBorderStyle.m */; };
		1E0FDD83101A7A0A007AFA92 /* VSRoundedRectangleShape.m in Sources */ = {isa = PBXBuildFile; fileRef = 1E6821F210183192005A22F6 /* VSRoundedRectangleShape.m */; };
		1E0FDD84101A7A0A007AFA92 /* VSSpeechBubbleShape.m in Sources */ = {isa = PBXBuildFile; fileRef = 1E0FDCAB101843DA007AFA92 /* VSSpeechBubbleShape.m */; };
		1E0FDDA5101A7A20007AFA92 /* NSColor+CGColor.h in Headers */ = {isa = PBXBuildFile; fileRef = 1E68218A10182C4B005A22F6 /* NSColor+CGColor.h */; settings = {ATTRIBUTES = (Public, ); }; };
		1E0FDDA6101A7A20007AFA92 /* NSColorAdditions.h in Headers */ = {isa = PBXBuildFile; fileRef = 1E0FDBCD1018395E007AFA92 /* NSColorAdditions.h */; settings = {ATTRIBUTES = (Public, ); }; };
		1E0FDDA7101A7A20007AFA92 /* NSImage+CGImage.h in Headers */ = {isa = PBXBuildFile; fileRef = 1E0FDD2410184C18007AFA92 /* NSImage+CGImage.h */; settings = {ATTRIBUTES = (Public, ); }; };
		1E0FDDA8101A7A20007AFA92 /* NSView+VSStyle.h in Headers */ = {isa = PBXBuildFile; fileRef = 1E682064101822B0005A22F6 /* NSView+VSStyle.h */; settings = {ATTRIBUTES = (Public, ); }; };
		1E0FDDA9101A7A20007AFA92 /* VSBevelBorderStyle.h in Headers */ = {isa = PBXBuildFile; fileRef = 1E0FDC5B101840EF007AFA92 /* VSBevelBorderStyle.h */; settings = {ATTRIBUTES = (Public, ); }; };
		1E0FDDAA101A7A20007AFA92 /* VSBoxStyle.h in Headers */ = {isa = PBXBuildFile; fileRef = 1E0FDD0510184A48007AFA92 /* VSBoxStyle.h */; settings = {ATTRIBUTES = (Public, ); }; };
		1E0FDDAB101A7A20007AFA92 /* VSFourBorderStyle.h in Headers */ = {isa = PBXBuildFile; fileRef = 1E0FDCE110184535007AFA92 /* VSFourBorderStyle.h */; settings = {ATTRIBUTES = (Public, ); }; };
		1E0FDDAC101A7A20007AFA92 /* VSGlobal.h in Headers */ = {isa = PBXBuildFile; fileRef = 1E6820301018219E005A22F6 /* VSGlobal.h */; settings = {ATTRIBUTES = (Public, ); }; };
		1E0FDDAD101A7A20007AFA92 /* VSInnerShadowStyle.h in Headers */ = {isa = PBXBuildFile; fileRef = 1E0FDCD4101844D7007AFA92 /* VSInnerShadowStyle.h */; settings = {ATTRIBUTES = (Public, ); }; };
		1E0FDDAE101A7A20007AFA92 /* VSInsetStyle.h in Headers */ = {isa = PBXBuildFile; fileRef = 1E68212410182924005A22F6 /* VSInsetStyle.h */; settings = {ATTRIBUTES = (Public, ); }; };
		1E0FDDAF101A7A20007AFA92 /* VSLinearGradientFillStyle.h in Headers */ = {isa = PBXBuildFile; fileRef = 1E68214210182A1F005A22F6 /* VSLinearGradientFillStyle.h */; settings = {ATTRIBUTES = (Public, ); }; };
		1E0FDDB0101A7A20007AFA92 /* VSMaskStyle.h in Headers */ = {isa = PBXBuildFile; fileRef = 1E0FDD1B10184B86007AFA92 /* VSMaskStyle.h */; settings = {ATTRIBUTES = (Public, ); }; };
		1E0FDDB1101A7A20007AFA92 /* VSPartStyle.h in Headers */ = {isa = PBXBuildFile; fileRef = 1E681E0B10181DAE005A22F6 /* VSPartStyle.h */; settings = {ATTRIBUTES = (Public, ); }; };
		1E0FDDB2101A7A20007AFA92 /* VSRectangleShape.h in Headers */ = {isa = PBXBuildFile; fileRef = 1E681E3E101820D7005A22F6 /* VSRectangleShape.h */; settings = {ATTRIBUTES = (Public, ); }; };
		1E0FDDB3101A7A20007AFA92 /* VSReflectiveFillStyle.h in Headers */ = {isa = PBXBuildFile; fileRef = 1E68228710183826005A22F6 /* VSReflectiveFillStyle.h */; settings = {ATTRIBUTES = (Public, ); }; };
		1E0FDDB4101A7A20007AFA92 /* VSRoundedLeftArrowShape.h in Headers */ = {isa = PBXBuildFile; fileRef = 1E68222A10183602005A22F6 /* VSRoundedLeftArrowShape.h */; settings = {ATTRIBUTES = (Public, ); }; };
		1E0FDDB5101A7A20007AFA92 /* VSRoundedRectangleShape.h in Headers */ = {isa = PBXBuildFile; fileRef = 1E6821F110183192005A22F6 /* VSRoundedRectangleShape.h */; settings = {ATTRIBUTES = (Public, ); }; };
		1E0FDDB6101A7A20007AFA92 /* VSRoundedRightArrowShape.h in Headers */ = {isa = PBXBuildFile; fileRef = 1E682227101835DA005A22F6 /* VSRoundedRightArrowShape.h */; settings = {ATTRIBUTES = (Public, ); }; };
		1E0FDDB7101A7A20007AFA92 /* VSShadowStyle.h in Headers */ = {isa = PBXBuildFile; fileRef = 1E6821C010182EBA005A22F6 /* VSShadowStyle.h */; settings = {ATTRIBUTES = (Public, ); }; };
		1E0FDDB8101A7A20007AFA92 /* VSShape.h in Headers */ = {isa = PBXBuildFile; fileRef = 1E681DAE10181ABB005A22F6 /* VSShape.h */; settings = {ATTRIBUTES = (Public, ); }; };
		1E0FDDB9101A7A20007AFA92 /* VSShapes.h in Headers */ = {isa = PBXBuildFile; fileRef = 1E68220E10183237005A22F6 /* VSShapes.h */; settings = {ATTRIBUTES = (Public, ); }; };
		1E0FDDBA101A7A20007AFA92 /* VSShapeStyle.h in Headers */ = {isa = PBXBuildFile; fileRef = 1E6821EB10182FD5005A22F6 /* VSShapeStyle.h */; settings = {ATTRIBUTES = (Public, ); }; };
		1E0FDDBB101A7A20007AFA92 /* VSSolidBorderStyle.h in Headers */ = {isa = PBXBuildFile; fileRef = 1E6821AA10182DA0005A22F6 /* VSSolidBorderStyle.h */; settings = {ATTRIBUTES = (Public, ); }; };
		1E0FDDBC101A7A20007AFA92 /* VSSolidFillStyle.h in Headers */ = {isa = PBXBuildFile; fileRef = 1E68208F101825C3005A22F6 /* VSSolidFillStyle.h */; settings = {ATTRIBUTES = (Public, ); }; };
		1E0FDDBD101A7A20007AFA92 /* VSSpeechBubbleShape.h in Headers */ = {isa = PBXBuildFile; fileRef = 1E0FDCAA101843DA007AFA92 /* VSSpeechBubbleShape.h */; settings = {ATTRIBUTES = (Public, ); }; };
		1E0FDDBE101A7A20007AFA92 /* VSStyle.h in Headers */ = {isa = PBXBuildFile; fileRef = 1E6819CD10181810005A22F6 /* VSStyle.h */; settings = {ATTRIBUTES = (Public, ); }; };
		1E0FDDBF101A7A20007AFA92 /* VSStyleContext.h in Headers */ = {isa = PBXBuildFile; fileRef = 1E681E0610181C6C005A22F6 /* VSStyleContext.h */; settings = {ATTRIBUTES = (Public, ); }; };
		1E0FDDC1101A7A20007AFA92 /* VSStyles.h in Headers */ = {isa = PBXBuildFile; fileRef = 1E68220F1018324D005A22F6 /* VSStyles.h */; settings = {ATTRIBUTES = (Public, ); }; };
		1E23702810CB42F000A03525 /* CALayer+VSStyle.h in Headers */ = {isa = PBXBuildFile; fileRef = 1E23702610CB42F000A03525 /* CALayer+VSStyle.h */; settings = {ATTRIBUTES = (Public, ); }; };
		1E23702910CB42F000A03525 /* CALayer+VSStyle.m in Sources */ = {isa = PBXBuildFile; fileRef = 1E23702710CB42F000A03525 /* CALayer+VSStyle.m */; };
		1E23702A10CB42F000A03525 /* CALayer+VSStyle.h in Headers */ = {isa = PBXBuildFile; fileRef = 1E23702610CB42F000A03525 /* CALayer+VSStyle.h */; };
		1E23702B10CB42F000A03525 /* CALayer+VSStyle.m in Sources */ = {isa = PBXBuildFile; fileRef = 1E23702710CB42F000A03525 /* CALayer+VSStyle.m */; };
		1E31240810AD260400D72994 /* Foundation.framework in Frameworks */ = {isa = PBXBuildFile; fileRef = 1E31240710AD260400D72994 /* Foundation.framework */; };
		1E31240A10AD260400D72994 /* UIKit.framework in Frameworks */ = {isa = PBXBuildFile; fileRef = 1E31240910AD260400D72994 /* UIKit.framework */; };
		1E31243010AD28A700D72994 /* CoreGraphics.framework in Frameworks */ = {isa = PBXBuildFile; fileRef = 1E31242F10AD28A700D72994 /* CoreGraphics.framework */; };
		1E3B533910FC30E5007036C9 /* VSContentStyle.h in Headers */ = {isa = PBXBuildFile; fileRef = 1E3B533710FC30E5007036C9 /* VSContentStyle.h */; settings = {ATTRIBUTES = (Public, ); }; };
		1E3B533A10FC30E5007036C9 /* VSContentStyle.m in Sources */ = {isa = PBXBuildFile; fileRef = 1E3B533810FC30E5007036C9 /* VSContentStyle.m */; };
		1E3B533B10FC30E5007036C9 /* VSContentStyle.h in Headers */ = {isa = PBXBuildFile; fileRef = 1E3B533710FC30E5007036C9 /* VSContentStyle.h */; };
		1E3B533C10FC30E5007036C9 /* VSContentStyle.m in Sources */ = {isa = PBXBuildFile; fileRef = 1E3B533810FC30E5007036C9 /* VSContentStyle.m */; };
		1E3B533D10FC30E5007036C9 /* VSContentStyle.h in Headers */ = {isa = PBXBuildFile; fileRef = 1E3B533710FC30E5007036C9 /* VSContentStyle.h */; };
		1E3B533E10FC30E5007036C9 /* VSContentStyle.m in Sources */ = {isa = PBXBuildFile; fileRef = 1E3B533810FC30E5007036C9 /* VSContentStyle.m */; };
		1E3B534010FC3193007036C9 /* VSStyleDelegate.h in Headers */ = {isa = PBXBuildFile; fileRef = 1E3B533F10FC3193007036C9 /* VSStyleDelegate.h */; settings = {ATTRIBUTES = (Public, ); }; };
		1E3B534110FC3193007036C9 /* VSStyleDelegate.h in Headers */ = {isa = PBXBuildFile; fileRef = 1E3B533F10FC3193007036C9 /* VSStyleDelegate.h */; };
		1E3B534210FC3193007036C9 /* VSStyleDelegate.h in Headers */ = {isa = PBXBuildFile; fileRef = 1E3B533F10FC3193007036C9 /* VSStyleDelegate.h */; };
		1E526FB810A3D8440008B89D /* VSStyleSheet.h in Headers */ = {isa = PBXBuildFile; fileRef = 1E526FB610A3D8440008B89D /* VSStyleSheet.h */; settings = {ATTRIBUTES = (Public, ); }; };
		1E526FB910A3D8440008B89D /* VSStyleSheet.m in Sources */ = {isa = PBXBuildFile; fileRef = 1E526FB710A3D8440008B89D /* VSStyleSheet.m */; };
		1E5C001A10ED651A00B7B095 /* VSBevelBorderStyle.m in Sources */ = {isa = PBXBuildFile; fileRef = 1E0FDC5C101840EF007AFA92 /* VSBevelBorderStyle.m */; };
		1E5C001B10ED651A00B7B095 /* VSStyleContext.m in Sources */ = {isa = PBXBuildFile; fileRef = 1E681E0710181C6C005A22F6 /* VSStyleContext.m */; };
		1E5C001C10ED651A00B7B095 /* VSSolidBorderStyle.m in Sources */ = {isa = PBXBuildFile; fileRef = 1E6821AB10182DA0005A22F6 /* VSSolidBorderStyle.m */; };
		1E5C001D10ED651A00B7B095 /* VSRectangleShape.m in Sources */ = {isa = PBXBuildFile; fileRef = 1E681E3F101820D7005A22F6 /* VSRectangleShape.m */; };
		1E5C001E10ED651A00B7B095 /* VSRoundedRectangleShape.m in Sources */ = {isa = PBXBuildFile; fileRef = 1E6821F210183192005A22F6 /* VSRoundedRectangleShape.m */; };
		1E5C001F10ED651A00B7B095 /* VSInnerShadowStyle.m in Sources */ = {isa = PBXBuildFile; fileRef = 1E0FDCD5101844D7007AFA92 /* VSInnerShadowStyle.m */; };
		1E5C002010ED651A00B7B095 /* NSColorAdditions.m in Sources */ = {isa = PBXBuildFile; fileRef = 1E0FDBCE1018395E007AFA92 /* NSColorAdditions.m */; };
		1E5C002110ED651A00B7B095 /* VSMaskStyle.m in Sources */ = {isa = PBXBuildFile; fileRef = 1E0FDD1C10184B86007AFA92 /* VSMaskStyle.m */; };
		1E5C002210ED651A00B7B095 /* NSColor+CGColor.m in Sources */ = {isa = PBXBuildFile; fileRef = 1E68218B10182C4B005A22F6 /* NSColor+CGColor.m */; };
		1E5C002310ED651A00B7B095 /* VSReflectiveFillStyle.m in Sources */ = {isa = PBXBuildFile; fileRef = 1E68228810183826005A22F6 /* VSReflectiveFillStyle.m */; };
		1E5C002410ED651A00B7B095 /* VSPartStyle.m in Sources */ = {isa = PBXBuildFile; fileRef = 1E681E0C10181DAE005A22F6 /* VSPartStyle.m */; };
		1E5C002510ED651A00B7B095 /* VSRoundedRightArrowShape.m in Sources */ = {isa = PBXBuildFile; fileRef = 1E682228101835DA005A22F6 /* VSRoundedRightArrowShape.m */; };
		1E5C002610ED651A00B7B095 /* VSStyle.m in Sources */ = {isa = PBXBuildFile; fileRef = 1E6819CE10181810005A22F6 /* VSStyle.m */; };
		1E5C002710ED651A00B7B095 /* VSTextStyle.m in Sources */ = {isa = PBXBuildFile; fileRef = 1E97CFD3101B8CCE003135D3 /* VSTextStyle.m */; };
		1E5C002810ED651A00B7B095 /* VSFourBorderStyle.m in Sources */ = {isa = PBXBuildFile; fileRef = 1E0FDCE210184535007AFA92 /* VSFourBorderStyle.m */; };
		1E5C002910ED651A00B7B095 /* NSImage+CGImage.m in Sources */ = {isa = PBXBuildFile; fileRef = 1E0FDD2510184C18007AFA92 /* NSImage+CGImage.m */; };
		1E5C002A10ED651A00B7B095 /* VSBoxStyle.m in Sources */ = {isa = PBXBuildFile; fileRef = 1E0FDD0610184A48007AFA92 /* VSBoxStyle.m */; };
		1E5C002B10ED651A00B7B095 /* VSSolidFillStyle.m in Sources */ = {isa = PBXBuildFile; fileRef = 1E682090101825C3005A22F6 /* VSSolidFillStyle.m */; };
		1E5C002C10ED651A00B7B095 /* VSShape.m in Sources */ = {isa = PBXBuildFile; fileRef = 1E681DAF10181ABB005A22F6 /* VSShape.m */; };
		1E5C002D10ED651A00B7B095 /* CALayer+VSStyle.m in Sources */ = {isa = PBXBuildFile; fileRef = 1E23702710CB42F000A03525 /* CALayer+VSStyle.m */; };
		1E5C002E10ED651A00B7B095 /* VSLinearGradientFillStyle.m in Sources */ = {isa = PBXBuildFile; fileRef = 1E68214310182A1F005A22F6 /* VSLinearGradientFillStyle.m */; };
		1E5C002F10ED651A00B7B095 /* VSStyleSheet.m in Sources */ = {isa = PBXBuildFile; fileRef = 1E526FB710A3D8440008B89D /* VSStyleSheet.m */; };
		1E5C003010ED651A00B7B095 /* VSShapeStyle.m in Sources */ = {isa = PBXBuildFile; fileRef = 1E6821EC10182FD5005A22F6 /* VSShapeStyle.m */; };
		1E5C003110ED651A00B7B095 /* NSImage+ContentMode.m in Sources */ = {isa = PBXBuildFile; fileRef = 1E97CF3A101B80F2003135D3 /* NSImage+ContentMode.m */; };
		1E5C003210ED651A00B7B095 /* VSInsetStyle.m in Sources */ = {isa = PBXBuildFile; fileRef = 1E68212510182924005A22F6 /* VSInsetStyle.m */; };
		1E5C003310ED651A00B7B095 /* VSSpeechBubbleShape.m in Sources */ = {isa = PBXBuildFile; fileRef = 1E0FDCAB101843DA007AFA92 /* VSSpeechBubbleShape.m */; };
		1E5C003410ED651A00B7B095 /* VSRoundedLeftArrowShape.m in Sources */ = {isa = PBXBuildFile; fileRef = 1E68222B10183602005A22F6 /* VSRoundedLeftArrowShape.m */; };
		1E5C003510ED651A00B7B095 /* NSView+VSStyle.m in Sources */ = {isa = PBXBuildFile; fileRef = 1E682065101822B0005A22F6 /* NSView+VSStyle.m */; };
		1E5C003610ED651A00B7B095 /* VSImageStyle.m in Sources */ = {isa = PBXBuildFile; fileRef = 1E97CF32101B8049003135D3 /* VSImageStyle.m */; };
		1E5C003710ED651A00B7B095 /* VSShadowStyle.m in Sources */ = {isa = PBXBuildFile; fileRef = 1E6821C110182EBA005A22F6 /* VSShadowStyle.m */; };
		1E5C003810ED652700B7B095 /* VSBoxStyle.h in Headers */ = {isa = PBXBuildFile; fileRef = 1E0FDD0510184A48007AFA92 /* VSBoxStyle.h */; };
		1E5C003910ED652700B7B095 /* VSPartStyle.h in Headers */ = {isa = PBXBuildFile; fileRef = 1E681E0B10181DAE005A22F6 /* VSPartStyle.h */; };
		1E5C003A10ED652700B7B095 /* VSStyles.h in Headers */ = {isa = PBXBuildFile; fileRef = 1E68220F1018324D005A22F6 /* VSStyles.h */; };
		1E5C003B10ED652700B7B095 /* VSTextStyle.h in Headers */ = {isa = PBXBuildFile; fileRef = 1E97CFD2101B8CCE003135D3 /* VSTextStyle.h */; };
		1E5C003C10ED652700B7B095 /* VSInsetStyle.h in Headers */ = {isa = PBXBuildFile; fileRef = 1E68212410182924005A22F6 /* VSInsetStyle.h */; };
		1E5C003D10ED652700B7B095 /* VSSolidFillStyle.h in Headers */ = {isa = PBXBuildFile; fileRef = 1E68208F101825C3005A22F6 /* VSSolidFillStyle.h */; };
		1E5C003E10ED652700B7B095 /* VSShapeStyle.h in Headers */ = {isa = PBXBuildFile; fileRef = 1E6821EB10182FD5005A22F6 /* VSShapeStyle.h */; };
		1E5C003F10ED652700B7B095 /* VSStyle.h in Headers */ = {isa = PBXBuildFile; fileRef = 1E6819CD10181810005A22F6 /* VSStyle.h */; };
		1E5C004010ED652700B7B095 /* VSInnerShadowStyle.h in Headers */ = {isa = PBXBuildFile; fileRef = 1E0FDCD4101844D7007AFA92 /* VSInnerShadowStyle.h */; };
		1E5C004110ED652700B7B095 /* VSReflectiveFillStyle.h in Headers */ = {isa = PBXBuildFile; fileRef = 1E68228710183826005A22F6 /* VSReflectiveFillStyle.h */; };
		1E5C004210ED652700B7B095 /* VSStyleSheet.h in Headers */ = {isa = PBXBuildFile; fileRef = 1E526FB610A3D8440008B89D /* VSStyleSheet.h */; };
		1E5C004310ED652700B7B095 /* VSStyleContext.h in Headers */ = {isa = PBXBuildFile; fileRef = 1E681E0610181C6C005A22F6 /* VSStyleContext.h */; };
		1E5C004410ED652700B7B095 /* VSFourBorderStyle.h in Headers */ = {isa = PBXBuildFile; fileRef = 1E0FDCE110184535007AFA92 /* VSFourBorderStyle.h */; };
		1E5C004510ED652700B7B095 /* VSShadowStyle.h in Headers */ = {isa = PBXBuildFile; fileRef = 1E6821C010182EBA005A22F6 /* VSShadowStyle.h */; };
		1E5C004610ED652700B7B095 /* VSBevelBorderStyle.h in Headers */ = {isa = PBXBuildFile; fileRef = 1E0FDC5B101840EF007AFA92 /* VSBevelBorderStyle.h */; };
		1E5C004710ED652700B7B095 /* VSMaskStyle.h in Headers */ = {isa = PBXBuildFile; fileRef = 1E0FDD1B10184B86007AFA92 /* VSMaskStyle.h */; };
		1E5C004810ED652700B7B095 /* VSImageStyle.h in Headers */ = {isa = PBXBuildFile; fileRef = 1E97CF31101B8049003135D3 /* VSImageStyle.h */; };
		1E5C004910ED652700B7B095 /* VSLinearGradientFillStyle.h in Headers */ = {isa = PBXBuildFile; fileRef = 1E68214210182A1F005A22F6 /* VSLinearGradientFillStyle.h */; };
		1E5C004A10ED652700B7B095 /* VSSolidBorderStyle.h in Headers */ = {isa = PBXBuildFile; fileRef = 1E6821AA10182DA0005A22F6 /* VSSolidBorderStyle.h */; };
		1E5C00C810ED654200B7B095 /* Foundation.framework in Frameworks */ = {isa = PBXBuildFile; fileRef = 1E31240710AD260400D72994 /* Foundation.framework */; };
		1E5C00C910ED654200B7B095 /* QuartzCore.framework in Frameworks */ = {isa = PBXBuildFile; fileRef = 1EFF7BFB10B5098C00354C65 /* QuartzCore.framework */; };
		1E5C00CA10ED654200B7B095 /* AppKit.framework in Frameworks */ = {isa = PBXBuildFile; fileRef = 1EFF7C0110B5099C00354C65 /* AppKit.framework */; };
		1E5C00CB10ED654200B7B095 /* Cocoa.framework in Frameworks */ = {isa = PBXBuildFile; fileRef = 1EFF7C0310B5099C00354C65 /* Cocoa.framework */; };
		1E874965115D7C540076FC51 /* VSRoundedRightArrowShape.h in CopyFiles */ = {isa = PBXBuildFile; fileRef = 1E682227101835DA005A22F6 /* VSRoundedRightArrowShape.h */; };
		1E874966115D7C540076FC51 /* VSContentStyle.h in CopyFiles */ = {isa = PBXBuildFile; fileRef = 1E3B533710FC30E5007036C9 /* VSContentStyle.h */; };
		1E874967115D7C540076FC51 /* VillainousStyle.h in CopyFiles */ = {isa = PBXBuildFile; fileRef = 1E0BEA2510EEEA1C007CF5C8 /* VillainousStyle.h */; };
		1E874968115D7C540076FC51 /* VSPartStyle.h in CopyFiles */ = {isa = PBXBuildFile; fileRef = 1E681E0B10181DAE005A22F6 /* VSPartStyle.h */; };
		1E874969115D7C540076FC51 /* VSBevelBorderStyle.h in CopyFiles */ = {isa = PBXBuildFile; fileRef = 1E0FDC5B101840EF007AFA92 /* VSBevelBorderStyle.h */; };
		1E87496A115D7C540076FC51 /* VSRectangleShape.h in CopyFiles */ = {isa = PBXBuildFile; fileRef = 1E681E3E101820D7005A22F6 /* VSRectangleShape.h */; };
		1E87496B115D7C540076FC51 /* VSInsetStyle.h in CopyFiles */ = {isa = PBXBuildFile; fileRef = 1E68212410182924005A22F6 /* VSInsetStyle.h */; };
		1E87496C115D7C540076FC51 /* VSMaskStyle.h in CopyFiles */ = {isa = PBXBuildFile; fileRef = 1E0FDD1B10184B86007AFA92 /* VSMaskStyle.h */; };
		1E87496D115D7C540076FC51 /* VSShapes.h in CopyFiles */ = {isa = PBXBuildFile; fileRef = 1E68220E10183237005A22F6 /* VSShapes.h */; };
		1E87496E115D7C540076FC51 /* VSReflectiveFillStyle.h in CopyFiles */ = {isa = PBXBuildFile; fileRef = 1E68228710183826005A22F6 /* VSReflectiveFillStyle.h */; };
		1E87496F115D7C540076FC51 /* VSStyleContext.h in CopyFiles */ = {isa = PBXBuildFile; fileRef = 1E681E0610181C6C005A22F6 /* VSStyleContext.h */; };
		1E874970115D7C540076FC51 /* VSStyles.h in CopyFiles */ = {isa = PBXBuildFile; fileRef = 1E68220F1018324D005A22F6 /* VSStyles.h */; };
		1E874971115D7C540076FC51 /* VSStyle.h in CopyFiles */ = {isa = PBXBuildFile; fileRef = 1E6819CD10181810005A22F6 /* VSStyle.h */; };
		1E874972115D7C540076FC51 /* VSLinearGradientFillStyle.h in CopyFiles */ = {isa = PBXBuildFile; fileRef = 1E68214210182A1F005A22F6 /* VSLinearGradientFillStyle.h */; };
		1E874973115D7C540076FC51 /* VSGlobal.h in CopyFiles */ = {isa = PBXBuildFile; fileRef = 1E6820301018219E005A22F6 /* VSGlobal.h */; };
		1E874974115D7C540076FC51 /* VSStyleSheet.h in CopyFiles */ = {isa = PBXBuildFile; fileRef = 1E526FB610A3D8440008B89D /* VSStyleSheet.h */; };
		1E874975115D7C540076FC51 /* VSSolidBorderStyle.h in CopyFiles */ = {isa = PBXBuildFile; fileRef = 1E6821AA10182DA0005A22F6 /* VSSolidBorderStyle.h */; };
		1E874976115D7C540076FC51 /* VSSpeechBubbleShape.h in CopyFiles */ = {isa = PBXBuildFile; fileRef = 1E0FDCAA101843DA007AFA92 /* VSSpeechBubbleShape.h */; };
		1E874977115D7C540076FC51 /* VSRoundedRectangleShape.h in CopyFiles */ = {isa = PBXBuildFile; fileRef = 1E6821F110183192005A22F6 /* VSRoundedRectangleShape.h */; };
		1E874978115D7C540076FC51 /* VSShapeStyle.h in CopyFiles */ = {isa = PBXBuildFile; fileRef = 1E6821EB10182FD5005A22F6 /* VSShapeStyle.h */; };
		1E874979115D7C540076FC51 /* VSSolidFillStyle.h in CopyFiles */ = {isa = PBXBuildFile; fileRef = 1E68208F101825C3005A22F6 /* VSSolidFillStyle.h */; };
		1E87497A115D7C540076FC51 /* VSStyleDelegate.h in CopyFiles */ = {isa = PBXBuildFile; fileRef = 1E3B533F10FC3193007036C9 /* VSStyleDelegate.h */; };
		1E87497B115D7C540076FC51 /* VSImageStyle.h in CopyFiles */ = {isa = PBXBuildFile; fileRef = 1E97CF31101B8049003135D3 /* VSImageStyle.h */; };
		1E87497C115D7C540076FC51 /* VSShape.h in CopyFiles */ = {isa = PBXBuildFile; fileRef = 1E681DAE10181ABB005A22F6 /* VSShape.h */; };
		1E87497D115D7C540076FC51 /* VSFourBorderStyle.h in CopyFiles */ = {isa = PBXBuildFile; fileRef = 1E0FDCE110184535007AFA92 /* VSFourBorderStyle.h */; };
		1E87497E115D7C540076FC51 /* VSBoxStyle.h in CopyFiles */ = {isa = PBXBuildFile; fileRef = 1E0FDD0510184A48007AFA92 /* VSBoxStyle.h */; };
		1E87497F115D7C540076FC51 /* VSShadowStyle.h in CopyFiles */ = {isa = PBXBuildFile; fileRef = 1E6821C010182EBA005A22F6 /* VSShadowStyle.h */; };
		1E874980115D7C540076FC51 /* VSRoundedLeftArrowShape.h in CopyFiles */ = {isa = PBXBuildFile; fileRef = 1E68222A10183602005A22F6 /* VSRoundedLeftArrowShape.h */; };
		1E874981115D7C540076FC51 /* VSInnerShadowStyle.h in CopyFiles */ = {isa = PBXBuildFile; fileRef = 1E0FDCD4101844D7007AFA92 /* VSInnerShadowStyle.h */; };
		1E874982115D7C540076FC51 /* VSTextStyle.h in CopyFiles */ = {isa = PBXBuildFile; fileRef = 1E97CFD2101B8CCE003135D3 /* VSTextStyle.h */; };
		1E8749C9115D7F6B0076FC51 /* NSColor+CGColor.h in CopyFiles */ = {isa = PBXBuildFile; fileRef = 1E68218A10182C4B005A22F6 /* NSColor+CGColor.h */; };
		1E8749CA115D7F6B0076FC51 /* NSColorAdditions.h in CopyFiles */ = {isa = PBXBuildFile; fileRef = 1E0FDBCD1018395E007AFA92 /* NSColorAdditions.h */; };
		1E8749CB115D7F6B0076FC51 /* NSImage+CGImage.h in CopyFiles */ = {isa = PBXBuildFile; fileRef = 1E0FDD2410184C18007AFA92 /* NSImage+CGImage.h */; };
		1E8749CC115D7F6B0076FC51 /* NSView+VSStyle.h in CopyFiles */ = {isa = PBXBuildFile; fileRef = 1E682064101822B0005A22F6 /* NSView+VSStyle.h */; };
		1E8749CD115D7F6B0076FC51 /* NSImage+ContentMode.h in CopyFiles */ = {isa = PBXBuildFile; fileRef = 1E97CF39101B80F2003135D3 /* NSImage+ContentMode.h */; };
		1E8749CE115D7F6B0076FC51 /* CALayer+VSStyle.h in CopyFiles */ = {isa = PBXBuildFile; fileRef = 1E23702610CB42F000A03525 /* CALayer+VSStyle.h */; };
		1E97CF33101B8049003135D3 /* VSImageStyle.h in Headers */ = {isa = PBXBuildFile; fileRef = 1E97CF31101B8049003135D3 /* VSImageStyle.h */; settings = {ATTRIBUTES = (Public, ); }; };
		1E97CF34101B8049003135D3 /* VSImageStyle.m in Sources */ = {isa = PBXBuildFile; fileRef = 1E97CF32101B8049003135D3 /* VSImageStyle.m */; };
		1E97CF3B101B80F2003135D3 /* NSImage+ContentMode.h in Headers */ = {isa = PBXBuildFile; fileRef = 1E97CF39101B80F2003135D3 /* NSImage+ContentMode.h */; settings = {ATTRIBUTES = (Public, ); }; };
		1E97CF3C101B80F2003135D3 /* NSImage+ContentMode.m in Sources */ = {isa = PBXBuildFile; fileRef = 1E97CF3A101B80F2003135D3 /* NSImage+ContentMode.m */; };
		1E97CFD4101B8CCE003135D3 /* VSTextStyle.h in Headers */ = {isa = PBXBuildFile; fileRef = 1E97CFD2101B8CCE003135D3 /* VSTextStyle.h */; settings = {ATTRIBUTES = (Public, ); }; };
		1E97CFD5101B8CCE003135D3 /* VSTextStyle.m in Sources */ = {isa = PBXBuildFile; fileRef = 1E97CFD3101B8CCE003135D3 /* VSTextStyle.m */; };
		1EC85F6A10B51D480017E68B /* VSLinearGradientFillStyle.h in CopyFiles */ = {isa = PBXBuildFile; fileRef = 1E68214210182A1F005A22F6 /* VSLinearGradientFillStyle.h */; };
		1EC85F6B10B51D480017E68B /* VSGlobal.h in CopyFiles */ = {isa = PBXBuildFile; fileRef = 1E6820301018219E005A22F6 /* VSGlobal.h */; };
		1EC85F6C10B51D480017E68B /* VSShapes.h in CopyFiles */ = {isa = PBXBuildFile; fileRef = 1E68220E10183237005A22F6 /* VSShapes.h */; };
		1EC85F6D10B51D480017E68B /* VSRoundedLeftArrowShape.h in CopyFiles */ = {isa = PBXBuildFile; fileRef = 1E68222A10183602005A22F6 /* VSRoundedLeftArrowShape.h */; };
		1EC85F6E10B51D480017E68B /* NSColorAdditions.h in CopyFiles */ = {isa = PBXBuildFile; fileRef = 1E0FDBCD1018395E007AFA92 /* NSColorAdditions.h */; };
		1EC85F6F10B51D480017E68B /* NSColor+CGColor.h in CopyFiles */ = {isa = PBXBuildFile; fileRef = 1E68218A10182C4B005A22F6 /* NSColor+CGColor.h */; };
		1EC85F7010B51D480017E68B /* NSImage+CGImage.h in CopyFiles */ = {isa = PBXBuildFile; fileRef = 1E0FDD2410184C18007AFA92 /* NSImage+CGImage.h */; };
		1EC85F7110B51D480017E68B /* VSRoundedRightArrowShape.h in CopyFiles */ = {isa = PBXBuildFile; fileRef = 1E682227101835DA005A22F6 /* VSRoundedRightArrowShape.h */; };
		1EC85F7210B51D480017E68B /* VSTextStyle.h in CopyFiles */ = {isa = PBXBuildFile; fileRef = 1E97CFD2101B8CCE003135D3 /* VSTextStyle.h */; };
		1EC85F7310B51D480017E68B /* VSRoundedRectangleShape.h in CopyFiles */ = {isa = PBXBuildFile; fileRef = 1E6821F110183192005A22F6 /* VSRoundedRectangleShape.h */; };
		1EC85F7410B51D480017E68B /* VSSpeechBubbleShape.h in CopyFiles */ = {isa = PBXBuildFile; fileRef = 1E0FDCAA101843DA007AFA92 /* VSSpeechBubbleShape.h */; };
		1EC85F7510B51D480017E68B /* VSStyles.h in CopyFiles */ = {isa = PBXBuildFile; fileRef = 1E68220F1018324D005A22F6 /* VSStyles.h */; };
		1EC85F7610B51D480017E68B /* VSShape.h in CopyFiles */ = {isa = PBXBuildFile; fileRef = 1E681DAE10181ABB005A22F6 /* VSShape.h */; };
		1EC85F7710B51D480017E68B /* VSSolidBorderStyle.h in CopyFiles */ = {isa = PBXBuildFile; fileRef = 1E6821AA10182DA0005A22F6 /* VSSolidBorderStyle.h */; };
		1EC85F7810B51D480017E68B /* VSFourBorderStyle.h in CopyFiles */ = {isa = PBXBuildFile; fileRef = 1E0FDCE110184535007AFA92 /* VSFourBorderStyle.h */; };
		1EC85F7910B51D480017E68B /* VSPartStyle.h in CopyFiles */ = {isa = PBXBuildFile; fileRef = 1E681E0B10181DAE005A22F6 /* VSPartStyle.h */; };
		1EC85F7A10B51D480017E68B /* VSShadowStyle.h in CopyFiles */ = {isa = PBXBuildFile; fileRef = 1E6821C010182EBA005A22F6 /* VSShadowStyle.h */; };
		1EC85F7B10B51D480017E68B /* VSInsetStyle.h in CopyFiles */ = {isa = PBXBuildFile; fileRef = 1E68212410182924005A22F6 /* VSInsetStyle.h */; };
		1EC85F7C10B51D480017E68B /* VSStyleSheet.h in CopyFiles */ = {isa = PBXBuildFile; fileRef = 1E526FB610A3D8440008B89D /* VSStyleSheet.h */; };
		1EC85F7D10B51D480017E68B /* VSBevelBorderStyle.h in CopyFiles */ = {isa = PBXBuildFile; fileRef = 1E0FDC5B101840EF007AFA92 /* VSBevelBorderStyle.h */; };
		1EC85F7E10B51D480017E68B /* VSShapeStyle.h in CopyFiles */ = {isa = PBXBuildFile; fileRef = 1E6821EB10182FD5005A22F6 /* VSShapeStyle.h */; };
		1EC85F7F10B51D480017E68B /* VSRectangleShape.h in CopyFiles */ = {isa = PBXBuildFile; fileRef = 1E681E3E101820D7005A22F6 /* VSRectangleShape.h */; };
		1EC85F8010B51D480017E68B /* VSImageStyle.h in CopyFiles */ = {isa = PBXBuildFile; fileRef = 1E97CF31101B8049003135D3 /* VSImageStyle.h */; };
		1EC85F8110B51D480017E68B /* VSStyle.h in CopyFiles */ = {isa = PBXBuildFile; fileRef = 1E6819CD10181810005A22F6 /* VSStyle.h */; };
		1EC85F8210B51D480017E68B /* VSStyleContext.h in CopyFiles */ = {isa = PBXBuildFile; fileRef = 1E681E0610181C6C005A22F6 /* VSStyleContext.h */; };
		1EC85F8310B51D480017E68B /* VSMaskStyle.h in CopyFiles */ = {isa = PBXBuildFile; fileRef = 1E0FDD1B10184B86007AFA92 /* VSMaskStyle.h */; };
		1EC85F8410B51D480017E68B /* VSInnerShadowStyle.h in CopyFiles */ = {isa = PBXBuildFile; fileRef = 1E0FDCD4101844D7007AFA92 /* VSInnerShadowStyle.h */; };
		1EC85F8510B51D480017E68B /* VSBoxStyle.h in CopyFiles */ = {isa = PBXBuildFile; fileRef = 1E0FDD0510184A48007AFA92 /* VSBoxStyle.h */; };
		1EC85F8610B51D480017E68B /* VSSolidFillStyle.h in CopyFiles */ = {isa = PBXBuildFile; fileRef = 1E68208F101825C3005A22F6 /* VSSolidFillStyle.h */; };
		1EC85F8710B51D480017E68B /* VSReflectiveFillStyle.h in CopyFiles */ = {isa = PBXBuildFile; fileRef = 1E68228710183826005A22F6 /* VSReflectiveFillStyle.h */; };
		1EC85F8810B51D480017E68B /* NSView+VSStyle.h in CopyFiles */ = {isa = PBXBuildFile; fileRef = 1E682064101822B0005A22F6 /* NSView+VSStyle.h */; };
		1EC85F8910B51D480017E68B /* NSImage+ContentMode.h in CopyFiles */ = {isa = PBXBuildFile; fileRef = 1E97CF39101B80F2003135D3 /* NSImage+ContentMode.h */; };
		1EC85FC810B51FB20017E68B /* NSImage+ContentMode.m in Sources */ = {isa = PBXBuildFile; fileRef = 1E97CF3A101B80F2003135D3 /* NSImage+ContentMode.m */; };
		1EC85FC910B51FB20017E68B /* VSBevelBorderStyle.m in Sources */ = {isa = PBXBuildFile; fileRef = 1E0FDC5C101840EF007AFA92 /* VSBevelBorderStyle.m */; };
		1EC85FCA10B51FB20017E68B /* VSReflectiveFillStyle.m in Sources */ = {isa = PBXBuildFile; fileRef = 1E68228810183826005A22F6 /* VSReflectiveFillStyle.m */; };
		1EC85FCB10B51FB20017E68B /* NSView+VSStyle.m in Sources */ = {isa = PBXBuildFile; fileRef = 1E682065101822B0005A22F6 /* NSView+VSStyle.m */; };
		1EC85FCC10B51FB20017E68B /* VSRoundedLeftArrowShape.m in Sources */ = {isa = PBXBuildFile; fileRef = 1E68222B10183602005A22F6 /* VSRoundedLeftArrowShape.m */; };
		1EC85FCD10B51FB20017E68B /* VSLinearGradientFillStyle.m in Sources */ = {isa = PBXBuildFile; fileRef = 1E68214310182A1F005A22F6 /* VSLinearGradientFillStyle.m */; };
		1EC85FCE10B51FB20017E68B /* VSRectangleShape.m in Sources */ = {isa = PBXBuildFile; fileRef = 1E681E3F101820D7005A22F6 /* VSRectangleShape.m */; };
		1EC85FCF10B51FB20017E68B /* VSBoxStyle.m in Sources */ = {isa = PBXBuildFile; fileRef = 1E0FDD0610184A48007AFA92 /* VSBoxStyle.m */; };
		1EC85FD010B51FB20017E68B /* VSRoundedRectangleShape.m in Sources */ = {isa = PBXBuildFile; fileRef = 1E6821F210183192005A22F6 /* VSRoundedRectangleShape.m */; };
		1EC85FD110B51FB20017E68B /* VSRoundedRightArrowShape.m in Sources */ = {isa = PBXBuildFile; fileRef = 1E682228101835DA005A22F6 /* VSRoundedRightArrowShape.m */; };
		1EC85FD210B51FB20017E68B /* VSSpeechBubbleShape.m in Sources */ = {isa = PBXBuildFile; fileRef = 1E0FDCAB101843DA007AFA92 /* VSSpeechBubbleShape.m */; };
		1EC85FD310B51FB20017E68B /* VSMaskStyle.m in Sources */ = {isa = PBXBuildFile; fileRef = 1E0FDD1C10184B86007AFA92 /* VSMaskStyle.m */; };
		1EC85FD410B51FB20017E68B /* VSInnerShadowStyle.m in Sources */ = {isa = PBXBuildFile; fileRef = 1E0FDCD5101844D7007AFA92 /* VSInnerShadowStyle.m */; };
		1EC85FD510B51FB20017E68B /* NSColor+CGColor.m in Sources */ = {isa = PBXBuildFile; fileRef = 1E68218B10182C4B005A22F6 /* NSColor+CGColor.m */; };
		1EC85FD610B51FB20017E68B /* VSInsetStyle.m in Sources */ = {isa = PBXBuildFile; fileRef = 1E68212510182924005A22F6 /* VSInsetStyle.m */; };
		1EC85FD710B51FB20017E68B /* VSShape.m in Sources */ = {isa = PBXBuildFile; fileRef = 1E681DAF10181ABB005A22F6 /* VSShape.m */; };
		1EC85FD810B51FB20017E68B /* VSShadowStyle.m in Sources */ = {isa = PBXBuildFile; fileRef = 1E6821C110182EBA005A22F6 /* VSShadowStyle.m */; };
		1EC85FD910B51FB20017E68B /* VSStyleSheet.m in Sources */ = {isa = PBXBuildFile; fileRef = 1E526FB710A3D8440008B89D /* VSStyleSheet.m */; };
		1EC85FDA10B51FB20017E68B /* NSImage+CGImage.m in Sources */ = {isa = PBXBuildFile; fileRef = 1E0FDD2510184C18007AFA92 /* NSImage+CGImage.m */; };
		1EC85FDB10B51FB20017E68B /* VSSolidFillStyle.m in Sources */ = {isa = PBXBuildFile; fileRef = 1E682090101825C3005A22F6 /* VSSolidFillStyle.m */; };
		1EC85FDC10B51FB20017E68B /* VSShapeStyle.m in Sources */ = {isa = PBXBuildFile; fileRef = 1E6821EC10182FD5005A22F6 /* VSShapeStyle.m */; };
		1EC85FDD10B51FB20017E68B /* VSFourBorderStyle.m in Sources */ = {isa = PBXBuildFile; fileRef = 1E0FDCE210184535007AFA92 /* VSFourBorderStyle.m */; };
		1EC85FDE10B51FB20017E68B /* VSImageStyle.m in Sources */ = {isa = PBXBuildFile; fileRef = 1E97CF32101B8049003135D3 /* VSImageStyle.m */; };
		1EC85FDF10B51FB20017E68B /* VSTextStyle.m in Sources */ = {isa = PBXBuildFile; fileRef = 1E97CFD3101B8CCE003135D3 /* VSTextStyle.m */; };
		1EC85FE010B51FB20017E68B /* VSStyle.m in Sources */ = {isa = PBXBuildFile; fileRef = 1E6819CE10181810005A22F6 /* VSStyle.m */; };
		1EC85FE110B51FB20017E68B /* NSColorAdditions.m in Sources */ = {isa = PBXBuildFile; fileRef = 1E0FDBCE1018395E007AFA92 /* NSColorAdditions.m */; };
		1EC85FE210B51FB20017E68B /* VSSolidBorderStyle.m in Sources */ = {isa = PBXBuildFile; fileRef = 1E6821AB10182DA0005A22F6 /* VSSolidBorderStyle.m */; };
		1EC85FE310B51FB20017E68B /* VSPartStyle.m in Sources */ = {isa = PBXBuildFile; fileRef = 1E681E0C10181DAE005A22F6 /* VSPartStyle.m */; };
		1EC85FE410B51FB20017E68B /* VSStyleContext.m in Sources */ = {isa = PBXBuildFile; fileRef = 1E681E0710181C6C005A22F6 /* VSStyleContext.m */; };
		1EFF7BFA10B5098C00354C65 /* Foundation.framework in Frameworks */ = {isa = PBXBuildFile; fileRef = 1E31240710AD260400D72994 /* Foundation.framework */; };
		1EFF7BFC10B5098C00354C65 /* QuartzCore.framework in Frameworks */ = {isa = PBXBuildFile; fileRef = 1EFF7BFB10B5098C00354C65 /* QuartzCore.framework */; };
		1EFF7C0210B5099C00354C65 /* AppKit.framework in Frameworks */ = {isa = PBXBuildFile; fileRef = 1EFF7C0110B5099C00354C65 /* AppKit.framework */; };
		1EFF7C0410B5099C00354C65 /* Cocoa.framework in Frameworks */ = {isa = PBXBuildFile; fileRef = 1EFF7C0310B5099C00354C65 /* Cocoa.framework */; };
/* End PBXBuildFile section */

/* Begin PBXCopyFilesBuildPhase section */
		1E2370EF10CB6A4100A03525 /* CopyFiles */ = {
			isa = PBXCopyFilesBuildPhase;
			buildActionMask = 2147483647;
			dstPath = Headers;
			dstSubfolderSpec = 16;
			files = (
				1E8749C9115D7F6B0076FC51 /* NSColor+CGColor.h in CopyFiles */,
				1E8749CA115D7F6B0076FC51 /* NSColorAdditions.h in CopyFiles */,
				1E8749CB115D7F6B0076FC51 /* NSImage+CGImage.h in CopyFiles */,
				1E8749CC115D7F6B0076FC51 /* NSView+VSStyle.h in CopyFiles */,
				1E8749CD115D7F6B0076FC51 /* NSImage+ContentMode.h in CopyFiles */,
				1E8749CE115D7F6B0076FC51 /* CALayer+VSStyle.h in CopyFiles */,
				1E874965115D7C540076FC51 /* VSRoundedRightArrowShape.h in CopyFiles */,
				1E874966115D7C540076FC51 /* VSContentStyle.h in CopyFiles */,
				1E874967115D7C540076FC51 /* VillainousStyle.h in CopyFiles */,
				1E874968115D7C540076FC51 /* VSPartStyle.h in CopyFiles */,
				1E874969115D7C540076FC51 /* VSBevelBorderStyle.h in CopyFiles */,
				1E87496A115D7C540076FC51 /* VSRectangleShape.h in CopyFiles */,
				1E87496B115D7C540076FC51 /* VSInsetStyle.h in CopyFiles */,
				1E87496C115D7C540076FC51 /* VSMaskStyle.h in CopyFiles */,
				1E87496D115D7C540076FC51 /* VSShapes.h in CopyFiles */,
				1E87496E115D7C540076FC51 /* VSReflectiveFillStyle.h in CopyFiles */,
				1E87496F115D7C540076FC51 /* VSStyleContext.h in CopyFiles */,
				1E874970115D7C540076FC51 /* VSStyles.h in CopyFiles */,
				1E874971115D7C540076FC51 /* VSStyle.h in CopyFiles */,
				1E874972115D7C540076FC51 /* VSLinearGradientFillStyle.h in CopyFiles */,
				1E874973115D7C540076FC51 /* VSGlobal.h in CopyFiles */,
				1E874974115D7C540076FC51 /* VSStyleSheet.h in CopyFiles */,
				1E874975115D7C540076FC51 /* VSSolidBorderStyle.h in CopyFiles */,
				1E874976115D7C540076FC51 /* VSSpeechBubbleShape.h in CopyFiles */,
				1E874977115D7C540076FC51 /* VSRoundedRectangleShape.h in CopyFiles */,
				1E874978115D7C540076FC51 /* VSShapeStyle.h in CopyFiles */,
				1E874979115D7C540076FC51 /* VSSolidFillStyle.h in CopyFiles */,
				1E87497A115D7C540076FC51 /* VSStyleDelegate.h in CopyFiles */,
				1E87497B115D7C540076FC51 /* VSImageStyle.h in CopyFiles */,
				1E87497C115D7C540076FC51 /* VSShape.h in CopyFiles */,
				1E87497D115D7C540076FC51 /* VSFourBorderStyle.h in CopyFiles */,
				1E87497E115D7C540076FC51 /* VSBoxStyle.h in CopyFiles */,
				1E87497F115D7C540076FC51 /* VSShadowStyle.h in CopyFiles */,
				1E874980115D7C540076FC51 /* VSRoundedLeftArrowShape.h in CopyFiles */,
				1E874981115D7C540076FC51 /* VSInnerShadowStyle.h in CopyFiles */,
				1E874982115D7C540076FC51 /* VSTextStyle.h in CopyFiles */,
			);
			runOnlyForDeploymentPostprocessing = 0;
		};
		1EC85F5010B51BE20017E68B /* CopyFiles */ = {
			isa = PBXCopyFilesBuildPhase;
			buildActionMask = 2147483647;
			dstPath = Headers;
			dstSubfolderSpec = 16;
			files = (
				1EC85F6A10B51D480017E68B /* VSLinearGradientFillStyle.h in CopyFiles */,
				1EC85F6B10B51D480017E68B /* VSGlobal.h in CopyFiles */,
				1EC85F6C10B51D480017E68B /* VSShapes.h in CopyFiles */,
				1EC85F6D10B51D480017E68B /* VSRoundedLeftArrowShape.h in CopyFiles */,
				1EC85F6E10B51D480017E68B /* NSColorAdditions.h in CopyFiles */,
				1EC85F6F10B51D480017E68B /* NSColor+CGColor.h in CopyFiles */,
				1EC85F7010B51D480017E68B /* NSImage+CGImage.h in CopyFiles */,
				1EC85F7110B51D480017E68B /* VSRoundedRightArrowShape.h in CopyFiles */,
				1EC85F7210B51D480017E68B /* VSTextStyle.h in CopyFiles */,
				1EC85F7310B51D480017E68B /* VSRoundedRectangleShape.h in CopyFiles */,
				1EC85F7410B51D480017E68B /* VSSpeechBubbleShape.h in CopyFiles */,
				1EC85F7510B51D480017E68B /* VSStyles.h in CopyFiles */,
				1EC85F7610B51D480017E68B /* VSShape.h in CopyFiles */,
				1EC85F7710B51D480017E68B /* VSSolidBorderStyle.h in CopyFiles */,
				1EC85F7810B51D480017E68B /* VSFourBorderStyle.h in CopyFiles */,
				1EC85F7910B51D480017E68B /* VSPartStyle.h in CopyFiles */,
				1EC85F7A10B51D480017E68B /* VSShadowStyle.h in CopyFiles */,
				1EC85F7B10B51D480017E68B /* VSInsetStyle.h in CopyFiles */,
				1EC85F7C10B51D480017E68B /* VSStyleSheet.h in CopyFiles */,
				1EC85F7D10B51D480017E68B /* VSBevelBorderStyle.h in CopyFiles */,
				1EC85F7E10B51D480017E68B /* VSShapeStyle.h in CopyFiles */,
				1EC85F7F10B51D480017E68B /* VSRectangleShape.h in CopyFiles */,
				1EC85F8010B51D480017E68B /* VSImageStyle.h in CopyFiles */,
				1EC85F8110B51D480017E68B /* VSStyle.h in CopyFiles */,
				1EC85F8210B51D480017E68B /* VSStyleContext.h in CopyFiles */,
				1EC85F8310B51D480017E68B /* VSMaskStyle.h in CopyFiles */,
				1EC85F8410B51D480017E68B /* VSInnerShadowStyle.h in CopyFiles */,
				1EC85F8510B51D480017E68B /* VSBoxStyle.h in CopyFiles */,
				1EC85F8610B51D480017E68B /* VSSolidFillStyle.h in CopyFiles */,
				1EC85F8710B51D480017E68B /* VSReflectiveFillStyle.h in CopyFiles */,
				1EC85F8810B51D480017E68B /* NSView+VSStyle.h in CopyFiles */,
				1EC85F8910B51D480017E68B /* NSImage+ContentMode.h in CopyFiles */,
			);
			runOnlyForDeploymentPostprocessing = 0;
		};
/* End PBXCopyFilesBuildPhase section */

/* Begin PBXFileReference section */
		089C165DFE840E0CC02AAC07 /* English */ = {isa = PBXFileReference; fileEncoding = 10; lastKnownFileType = text.plist.strings; name = English; path = English.lproj/InfoPlist.strings; sourceTree = "<group>"; };
		1058C7A1FEA54F0111CA2CBB /* Cocoa.framework */ = {isa = PBXFileReference; lastKnownFileType = wrapper.framework; name = Cocoa.framework; path = /System/Library/Frameworks/Cocoa.framework; sourceTree = "<absolute>"; };
		13E42FB307B3F0F600E4EEF1 /* CoreData.framework */ = {isa = PBXFileReference; lastKnownFileType = wrapper.framework; name = CoreData.framework; path = /System/Library/Frameworks/CoreData.framework; sourceTree = "<absolute>"; };
		1E0BEA2510EEEA1C007CF5C8 /* VillainousStyle.h */ = {isa = PBXFileReference; fileEncoding = 4; lastKnownFileType = sourcecode.c.h; path = VillainousStyle.h; sourceTree = "<group>"; };
		1E0FDBCD1018395E007AFA92 /* NSColorAdditions.h */ = {isa = PBXFileReference; fileEncoding = 4; lastKnownFileType = sourcecode.c.h; path = NSColorAdditions.h; sourceTree = "<group>"; };
		1E0FDBCE1018395E007AFA92 /* NSColorAdditions.m */ = {isa = PBXFileReference; fileEncoding = 4; lastKnownFileType = sourcecode.c.objc; path = NSColorAdditions.m; sourceTree = "<group>"; };
		1E0FDC5B101840EF007AFA92 /* VSBevelBorderStyle.h */ = {isa = PBXFileReference; fileEncoding = 4; lastKnownFileType = sourcecode.c.h; path = VSBevelBorderStyle.h; sourceTree = "<group>"; };
		1E0FDC5C101840EF007AFA92 /* VSBevelBorderStyle.m */ = {isa = PBXFileReference; fileEncoding = 4; lastKnownFileType = sourcecode.c.objc; path = VSBevelBorderStyle.m; sourceTree = "<group>"; };
		1E0FDCAA101843DA007AFA92 /* VSSpeechBubbleShape.h */ = {isa = PBXFileReference; fileEncoding = 4; lastKnownFileType = sourcecode.c.h; path = VSSpeechBubbleShape.h; sourceTree = "<group>"; };
		1E0FDCAB101843DA007AFA92 /* VSSpeechBubbleShape.m */ = {isa = PBXFileReference; fileEncoding = 4; lastKnownFileType = sourcecode.c.objc; path = VSSpeechBubbleShape.m; sourceTree = "<group>"; };
		1E0FDCD4101844D7007AFA92 /* VSInnerShadowStyle.h */ = {isa = PBXFileReference; fileEncoding = 4; lastKnownFileType = sourcecode.c.h; path = VSInnerShadowStyle.h; sourceTree = "<group>"; };
		1E0FDCD5101844D7007AFA92 /* VSInnerShadowStyle.m */ = {isa = PBXFileReference; fileEncoding = 4; lastKnownFileType = sourcecode.c.objc; path = VSInnerShadowStyle.m; sourceTree = "<group>"; };
		1E0FDCE110184535007AFA92 /* VSFourBorderStyle.h */ = {isa = PBXFileReference; fileEncoding = 4; lastKnownFileType = sourcecode.c.h; path = VSFourBorderStyle.h; sourceTree = "<group>"; };
		1E0FDCE210184535007AFA92 /* VSFourBorderStyle.m */ = {isa = PBXFileReference; fileEncoding = 4; lastKnownFileType = sourcecode.c.objc; path = VSFourBorderStyle.m; sourceTree = "<group>"; };
		1E0FDD0510184A48007AFA92 /* VSBoxStyle.h */ = {isa = PBXFileReference; fileEncoding = 4; lastKnownFileType = sourcecode.c.h; path = VSBoxStyle.h; sourceTree = "<group>"; };
		1E0FDD0610184A48007AFA92 /* VSBoxStyle.m */ = {isa = PBXFileReference; fileEncoding = 4; lastKnownFileType = sourcecode.c.objc; path = VSBoxStyle.m; sourceTree = "<group>"; };
		1E0FDD1B10184B86007AFA92 /* VSMaskStyle.h */ = {isa = PBXFileReference; fileEncoding = 4; lastKnownFileType = sourcecode.c.h; path = VSMaskStyle.h; sourceTree = "<group>"; };
		1E0FDD1C10184B86007AFA92 /* VSMaskStyle.m */ = {isa = PBXFileReference; fileEncoding = 4; lastKnownFileType = sourcecode.c.objc; path = VSMaskStyle.m; sourceTree = "<group>"; };
		1E0FDD2410184C18007AFA92 /* NSImage+CGImage.h */ = {isa = PBXFileReference; fileEncoding = 4; lastKnownFileType = sourcecode.c.h; path = "NSImage+CGImage.h"; sourceTree = "<group>"; };
		1E0FDD2510184C18007AFA92 /* NSImage+CGImage.m */ = {isa = PBXFileReference; fileEncoding = 4; lastKnownFileType = sourcecode.c.objc; path = "NSImage+CGImage.m"; sourceTree = "<group>"; };
		1E0FDD5B101A79DF007AFA92 /* VillainousStyle.framework */ = {isa = PBXFileReference; explicitFileType = wrapper.framework; includeInIndex = 0; path = VillainousStyle.framework; sourceTree = BUILT_PRODUCTS_DIR; };
		1E0FDD5C101A79DF007AFA92 /* VillainousStyle-Info.plist */ = {isa = PBXFileReference; lastKnownFileType = text.plist.xml; path = "VillainousStyle-Info.plist"; sourceTree = "<group>"; };
		1E23702610CB42F000A03525 /* CALayer+VSStyle.h */ = {isa = PBXFileReference; fileEncoding = 4; lastKnownFileType = sourcecode.c.h; path = "CALayer+VSStyle.h"; sourceTree = "<group>"; };
		1E23702710CB42F000A03525 /* CALayer+VSStyle.m */ = {isa = PBXFileReference; fileEncoding = 4; lastKnownFileType = sourcecode.c.objc; path = "CALayer+VSStyle.m"; sourceTree = "<group>"; };
		1E3123CB10AD256C00D72994 /* libVillainousStyle.a */ = {isa = PBXFileReference; explicitFileType = archive.ar; includeInIndex = 0; path = libVillainousStyle.a; sourceTree = BUILT_PRODUCTS_DIR; };
		1E31240710AD260400D72994 /* Foundation.framework */ = {isa = PBXFileReference; lastKnownFileType = wrapper.framework; name = Foundation.framework; path = System/Library/Frameworks/Foundation.framework; sourceTree = SDKROOT; };
		1E31240910AD260400D72994 /* UIKit.framework */ = {isa = PBXFileReference; lastKnownFileType = wrapper.framework; name = UIKit.framework; path = System/Library/Frameworks/UIKit.framework; sourceTree = SDKROOT; };
		1E31242F10AD28A700D72994 /* CoreGraphics.framework */ = {isa = PBXFileReference; lastKnownFileType = wrapper.framework; name = CoreGraphics.framework; path = System/Library/Frameworks/CoreGraphics.framework; sourceTree = SDKROOT; };
		1E3B533710FC30E5007036C9 /* VSContentStyle.h */ = {isa = PBXFileReference; fileEncoding = 4; lastKnownFileType = sourcecode.c.h; path = VSContentStyle.h; sourceTree = "<group>"; };
		1E3B533810FC30E5007036C9 /* VSContentStyle.m */ = {isa = PBXFileReference; fileEncoding = 4; lastKnownFileType = sourcecode.c.objc; path = VSContentStyle.m; sourceTree = "<group>"; };
		1E3B533F10FC3193007036C9 /* VSStyleDelegate.h */ = {isa = PBXFileReference; fileEncoding = 4; lastKnownFileType = sourcecode.c.h; path = VSStyleDelegate.h; sourceTree = "<group>"; };
		1E526FB610A3D8440008B89D /* VSStyleSheet.h */ = {isa = PBXFileReference; fileEncoding = 4; lastKnownFileType = sourcecode.c.h; path = VSStyleSheet.h; sourceTree = "<group>"; };
		1E526FB710A3D8440008B89D /* VSStyleSheet.m */ = {isa = PBXFileReference; fileEncoding = 4; lastKnownFileType = sourcecode.c.objc; path = VSStyleSheet.m; sourceTree = "<group>"; };
		1E5CFFBA10ED61E600B7B095 /* libVillainousStyle.a */ = {isa = PBXFileReference; explicitFileType = archive.ar; includeInIndex = 0; path = libVillainousStyle.a; sourceTree = BUILT_PRODUCTS_DIR; };
		1E6819CD10181810005A22F6 /* VSStyle.h */ = {isa = PBXFileReference; fileEncoding = 4; lastKnownFileType = sourcecode.c.h; path = VSStyle.h; sourceTree = "<group>"; };
		1E6819CE10181810005A22F6 /* VSStyle.m */ = {isa = PBXFileReference; fileEncoding = 4; lastKnownFileType = sourcecode.c.objc; path = VSStyle.m; sourceTree = "<group>"; };
		1E681DAE10181ABB005A22F6 /* VSShape.h */ = {isa = PBXFileReference; fileEncoding = 4; lastKnownFileType = sourcecode.c.h; path = VSShape.h; sourceTree = "<group>"; };
		1E681DAF10181ABB005A22F6 /* VSShape.m */ = {isa = PBXFileReference; fileEncoding = 4; lastKnownFileType = sourcecode.c.objc; path = VSShape.m; sourceTree = "<group>"; };
		1E681E0610181C6C005A22F6 /* VSStyleContext.h */ = {isa = PBXFileReference; fileEncoding = 4; lastKnownFileType = sourcecode.c.h; path = VSStyleContext.h; sourceTree = "<group>"; };
		1E681E0710181C6C005A22F6 /* VSStyleContext.m */ = {isa = PBXFileReference; fileEncoding = 4; lastKnownFileType = sourcecode.c.objc; path = VSStyleContext.m; sourceTree = "<group>"; };
		1E681E0B10181DAE005A22F6 /* VSPartStyle.h */ = {isa = PBXFileReference; fileEncoding = 4; lastKnownFileType = sourcecode.c.h; path = VSPartStyle.h; sourceTree = "<group>"; };
		1E681E0C10181DAE005A22F6 /* VSPartStyle.m */ = {isa = PBXFileReference; fileEncoding = 4; lastKnownFileType = sourcecode.c.objc; path = VSPartStyle.m; sourceTree = "<group>"; };
		1E681E3E101820D7005A22F6 /* VSRectangleShape.h */ = {isa = PBXFileReference; fileEncoding = 4; lastKnownFileType = sourcecode.c.h; path = VSRectangleShape.h; sourceTree = "<group>"; };
		1E681E3F101820D7005A22F6 /* VSRectangleShape.m */ = {isa = PBXFileReference; fileEncoding = 4; lastKnownFileType = sourcecode.c.objc; path = VSRectangleShape.m; sourceTree = "<group>"; };
		1E6820301018219E005A22F6 /* VSGlobal.h */ = {isa = PBXFileReference; fileEncoding = 4; lastKnownFileType = sourcecode.c.h; path = VSGlobal.h; sourceTree = "<group>"; };
		1E682064101822B0005A22F6 /* NSView+VSStyle.h */ = {isa = PBXFileReference; fileEncoding = 4; lastKnownFileType = sourcecode.c.h; path = "NSView+VSStyle.h"; sourceTree = "<group>"; };
		1E682065101822B0005A22F6 /* NSView+VSStyle.m */ = {isa = PBXFileReference; fileEncoding = 4; lastKnownFileType = sourcecode.c.objc; path = "NSView+VSStyle.m"; sourceTree = "<group>"; };
		1E68208F101825C3005A22F6 /* VSSolidFillStyle.h */ = {isa = PBXFileReference; fileEncoding = 4; lastKnownFileType = sourcecode.c.h; path = VSSolidFillStyle.h; sourceTree = "<group>"; };
		1E682090101825C3005A22F6 /* VSSolidFillStyle.m */ = {isa = PBXFileReference; fileEncoding = 4; lastKnownFileType = sourcecode.c.objc; path = VSSolidFillStyle.m; sourceTree = "<group>"; };
		1E68212410182924005A22F6 /* VSInsetStyle.h */ = {isa = PBXFileReference; fileEncoding = 4; lastKnownFileType = sourcecode.c.h; path = VSInsetStyle.h; sourceTree = "<group>"; };
		1E68212510182924005A22F6 /* VSInsetStyle.m */ = {isa = PBXFileReference; fileEncoding = 4; lastKnownFileType = sourcecode.c.objc; path = VSInsetStyle.m; sourceTree = "<group>"; };
		1E68214210182A1F005A22F6 /* VSLinearGradientFillStyle.h */ = {isa = PBXFileReference; fileEncoding = 4; lastKnownFileType = sourcecode.c.h; path = VSLinearGradientFillStyle.h; sourceTree = "<group>"; };
		1E68214310182A1F005A22F6 /* VSLinearGradientFillStyle.m */ = {isa = PBXFileReference; fileEncoding = 4; lastKnownFileType = sourcecode.c.objc; path = VSLinearGradientFillStyle.m; sourceTree = "<group>"; };
		1E68218A10182C4B005A22F6 /* NSColor+CGColor.h */ = {isa = PBXFileReference; fileEncoding = 4; lastKnownFileType = sourcecode.c.h; path = "NSColor+CGColor.h"; sourceTree = "<group>"; };
		1E68218B10182C4B005A22F6 /* NSColor+CGColor.m */ = {isa = PBXFileReference; fileEncoding = 4; lastKnownFileType = sourcecode.c.objc; path = "NSColor+CGColor.m"; sourceTree = "<group>"; };
		1E6821AA10182DA0005A22F6 /* VSSolidBorderStyle.h */ = {isa = PBXFileReference; fileEncoding = 4; lastKnownFileType = sourcecode.c.h; path = VSSolidBorderStyle.h; sourceTree = "<group>"; };
		1E6821AB10182DA0005A22F6 /* VSSolidBorderStyle.m */ = {isa = PBXFileReference; fileEncoding = 4; lastKnownFileType = sourcecode.c.objc; path = VSSolidBorderStyle.m; sourceTree = "<group>"; };
		1E6821C010182EBA005A22F6 /* VSShadowStyle.h */ = {isa = PBXFileReference; fileEncoding = 4; lastKnownFileType = sourcecode.c.h; path = VSShadowStyle.h; sourceTree = "<group>"; };
		1E6821C110182EBA005A22F6 /* VSShadowStyle.m */ = {isa = PBXFileReference; fileEncoding = 4; lastKnownFileType = sourcecode.c.objc; path = VSShadowStyle.m; sourceTree = "<group>"; };
		1E6821EB10182FD5005A22F6 /* VSShapeStyle.h */ = {isa = PBXFileReference; fileEncoding = 4; lastKnownFileType = sourcecode.c.h; path = VSShapeStyle.h; sourceTree = "<group>"; };
		1E6821EC10182FD5005A22F6 /* VSShapeStyle.m */ = {isa = PBXFileReference; fileEncoding = 4; lastKnownFileType = sourcecode.c.objc; path = VSShapeStyle.m; sourceTree = "<group>"; };
		1E6821F110183192005A22F6 /* VSRoundedRectangleShape.h */ = {isa = PBXFileReference; fileEncoding = 4; lastKnownFileType = sourcecode.c.h; path = VSRoundedRectangleShape.h; sourceTree = "<group>"; };
		1E6821F210183192005A22F6 /* VSRoundedRectangleShape.m */ = {isa = PBXFileReference; fileEncoding = 4; lastKnownFileType = sourcecode.c.objc; path = VSRoundedRectangleShape.m; sourceTree = "<group>"; };
		1E68220E10183237005A22F6 /* VSShapes.h */ = {isa = PBXFileReference; fileEncoding = 4; lastKnownFileType = sourcecode.c.h; path = VSShapes.h; sourceTree = "<group>"; };
		1E68220F1018324D005A22F6 /* VSStyles.h */ = {isa = PBXFileReference; fileEncoding = 4; lastKnownFileType = sourcecode.c.h; path = VSStyles.h; sourceTree = "<group>"; };
		1E682227101835DA005A22F6 /* VSRoundedRightArrowShape.h */ = {isa = PBXFileReference; fileEncoding = 4; lastKnownFileType = sourcecode.c.h; path = VSRoundedRightArrowShape.h; sourceTree = "<group>"; };
		1E682228101835DA005A22F6 /* VSRoundedRightArrowShape.m */ = {isa = PBXFileReference; fileEncoding = 4; lastKnownFileType = sourcecode.c.objc; path = VSRoundedRightArrowShape.m; sourceTree = "<group>"; };
		1E68222A10183602005A22F6 /* VSRoundedLeftArrowShape.h */ = {isa = PBXFileReference; fileEncoding = 4; lastKnownFileType = sourcecode.c.h; path = VSRoundedLeftArrowShape.h; sourceTree = "<group>"; };
		1E68222B10183602005A22F6 /* VSRoundedLeftArrowShape.m */ = {isa = PBXFileReference; fileEncoding = 4; lastKnownFileType = sourcecode.c.objc; path = VSRoundedLeftArrowShape.m; sourceTree = "<group>"; };
		1E68228710183826005A22F6 /* VSReflectiveFillStyle.h */ = {isa = PBXFileReference; fileEncoding = 4; lastKnownFileType = sourcecode.c.h; path = VSReflectiveFillStyle.h; sourceTree = "<group>"; };
		1E68228810183826005A22F6 /* VSReflectiveFillStyle.m */ = {isa = PBXFileReference; fileEncoding = 4; lastKnownFileType = sourcecode.c.objc; path = VSReflectiveFillStyle.m; sourceTree = "<group>"; };
		1E97CF31101B8049003135D3 /* VSImageStyle.h */ = {isa = PBXFileReference; fileEncoding = 4; lastKnownFileType = sourcecode.c.h; path = VSImageStyle.h; sourceTree = "<group>"; };
		1E97CF32101B8049003135D3 /* VSImageStyle.m */ = {isa = PBXFileReference; fileEncoding = 4; lastKnownFileType = sourcecode.c.objc; path = VSImageStyle.m; sourceTree = "<group>"; };
		1E97CF39101B80F2003135D3 /* NSImage+ContentMode.h */ = {isa = PBXFileReference; fileEncoding = 4; lastKnownFileType = sourcecode.c.h; path = "NSImage+ContentMode.h"; sourceTree = "<group>"; };
		1E97CF3A101B80F2003135D3 /* NSImage+ContentMode.m */ = {isa = PBXFileReference; fileEncoding = 4; lastKnownFileType = sourcecode.c.objc; path = "NSImage+ContentMode.m"; sourceTree = "<group>"; };
		1E97CFD2101B8CCE003135D3 /* VSTextStyle.h */ = {isa = PBXFileReference; fileEncoding = 4; lastKnownFileType = sourcecode.c.h; path = VSTextStyle.h; sourceTree = "<group>"; };
		1E97CFD3101B8CCE003135D3 /* VSTextStyle.m */ = {isa = PBXFileReference; fileEncoding = 4; lastKnownFileType = sourcecode.c.objc; path = VSTextStyle.m; sourceTree = "<group>"; };
		1EFF7BFB10B5098C00354C65 /* QuartzCore.framework */ = {isa = PBXFileReference; lastKnownFileType = wrapper.framework; name = QuartzCore.framework; path = System/Library/Frameworks/QuartzCore.framework; sourceTree = SDKROOT; };
		1EFF7C0110B5099C00354C65 /* AppKit.framework */ = {isa = PBXFileReference; lastKnownFileType = wrapper.framework; name = AppKit.framework; path = System/Library/Frameworks/AppKit.framework; sourceTree = SDKROOT; };
		1EFF7C0310B5099C00354C65 /* Cocoa.framework */ = {isa = PBXFileReference; lastKnownFileType = wrapper.framework; name = Cocoa.framework; path = System/Library/Frameworks/Cocoa.framework; sourceTree = SDKROOT; };
		29B97316FDCFA39411CA2CEA /* main.m */ = {isa = PBXFileReference; fileEncoding = 4; lastKnownFileType = sourcecode.c.objc; path = main.m; sourceTree = "<group>"; };
		29B97324FDCFA39411CA2CEA /* AppKit.framework */ = {isa = PBXFileReference; lastKnownFileType = wrapper.framework; name = AppKit.framework; path = /System/Library/Frameworks/AppKit.framework; sourceTree = "<absolute>"; };
		29B97325FDCFA39411CA2CEA /* Foundation.framework */ = {isa = PBXFileReference; lastKnownFileType = wrapper.framework; name = Foundation.framework; path = /System/Library/Frameworks/Foundation.framework; sourceTree = "<absolute>"; };
		8D1107310486CEB800E47090 /* Info.plist */ = {isa = PBXFileReference; fileEncoding = 4; lastKnownFileType = text.plist.xml; path = Info.plist; sourceTree = "<group>"; };
/* End PBXFileReference section */

/* Begin PBXFrameworksBuildPhase section */
		1E0FDD59101A79DF007AFA92 /* Frameworks */ = {
			isa = PBXFrameworksBuildPhase;
			buildActionMask = 2147483647;
			files = (
				1EFF7BFA10B5098C00354C65 /* Foundation.framework in Frameworks */,
				1EFF7BFC10B5098C00354C65 /* QuartzCore.framework in Frameworks */,
				1EFF7C0210B5099C00354C65 /* AppKit.framework in Frameworks */,
				1EFF7C0410B5099C00354C65 /* Cocoa.framework in Frameworks */,
			);
			runOnlyForDeploymentPostprocessing = 0;
		};
		1E3123C910AD256C00D72994 /* Frameworks */ = {
			isa = PBXFrameworksBuildPhase;
			buildActionMask = 2147483647;
			files = (
				1E31240810AD260400D72994 /* Foundation.framework in Frameworks */,
				1E31240A10AD260400D72994 /* UIKit.framework in Frameworks */,
				1E31243010AD28A700D72994 /* CoreGraphics.framework in Frameworks */,
			);
			runOnlyForDeploymentPostprocessing = 0;
		};
		1E5CFFB810ED61E600B7B095 /* Frameworks */ = {
			isa = PBXFrameworksBuildPhase;
			buildActionMask = 2147483647;
			files = (
				1E5C00C810ED654200B7B095 /* Foundation.framework in Frameworks */,
				1E5C00C910ED654200B7B095 /* QuartzCore.framework in Frameworks */,
				1E5C00CA10ED654200B7B095 /* AppKit.framework in Frameworks */,
				1E5C00CB10ED654200B7B095 /* Cocoa.framework in Frameworks */,
			);
			runOnlyForDeploymentPostprocessing = 0;
		};
/* End PBXFrameworksBuildPhase section */

/* Begin PBXGroup section */
		080E96DDFE201D6D7F000001 /* Classes */ = {
			isa = PBXGroup;
			children = (
				1E0BEA2510EEEA1C007CF5C8 /* VillainousStyle.h */,
				1E6820301018219E005A22F6 /* VSGlobal.h */,
				1EAA4DB610F189C90001A531 /* Categories */,
				1E681E3D101820CB005A22F6 /* VSShape */,
				1E681985101816AF005A22F6 /* VSStyle */,
			);
			name = Classes;
			sourceTree = "<group>";
		};
		1058C7A0FEA54F0111CA2CBB /* Linked Frameworks */ = {
			isa = PBXGroup;
			children = (
				1058C7A1FEA54F0111CA2CBB /* Cocoa.framework */,
			);
			name = "Linked Frameworks";
			sourceTree = "<group>";
		};
		1058C7A2FEA54F0111CA2CBB /* Other Frameworks */ = {
			isa = PBXGroup;
			children = (
				29B97324FDCFA39411CA2CEA /* AppKit.framework */,
				13E42FB307B3F0F600E4EEF1 /* CoreData.framework */,
				29B97325FDCFA39411CA2CEA /* Foundation.framework */,
			);
			name = "Other Frameworks";
			sourceTree = "<group>";
		};
		19C28FACFE9D520D11CA2CBB /* Products */ = {
			isa = PBXGroup;
			children = (
				1E0FDD5B101A79DF007AFA92 /* VillainousStyle.framework */,
				1E3123CB10AD256C00D72994 /* libVillainousStyle.a */,
				1E5CFFBA10ED61E600B7B095 /* libVillainousStyle.a */,
			);
			name = Products;
			sourceTree = "<group>";
		};
		1E681985101816AF005A22F6 /* VSStyle */ = {
			isa = PBXGroup;
			children = (
				1E68220F1018324D005A22F6 /* VSStyles.h */,
				1E3B533F10FC3193007036C9 /* VSStyleDelegate.h */,
				1E681E0610181C6C005A22F6 /* VSStyleContext.h */,
				1E681E0710181C6C005A22F6 /* VSStyleContext.m */,
				1E6819CD10181810005A22F6 /* VSStyle.h */,
				1E6819CE10181810005A22F6 /* VSStyle.m */,
				1E681E0B10181DAE005A22F6 /* VSPartStyle.h */,
				1E681E0C10181DAE005A22F6 /* VSPartStyle.m */,
				1E68208F101825C3005A22F6 /* VSSolidFillStyle.h */,
				1E682090101825C3005A22F6 /* VSSolidFillStyle.m */,
				1E68212410182924005A22F6 /* VSInsetStyle.h */,
				1E68212510182924005A22F6 /* VSInsetStyle.m */,
				1E68214210182A1F005A22F6 /* VSLinearGradientFillStyle.h */,
				1E68214310182A1F005A22F6 /* VSLinearGradientFillStyle.m */,
				1E97CF31101B8049003135D3 /* VSImageStyle.h */,
				1E97CF32101B8049003135D3 /* VSImageStyle.m */,
				1E97CFD2101B8CCE003135D3 /* VSTextStyle.h */,
				1E97CFD3101B8CCE003135D3 /* VSTextStyle.m */,
				1E3B533710FC30E5007036C9 /* VSContentStyle.h */,
				1E3B533810FC30E5007036C9 /* VSContentStyle.m */,
				1E6821AA10182DA0005A22F6 /* VSSolidBorderStyle.h */,
				1E6821AB10182DA0005A22F6 /* VSSolidBorderStyle.m */,
				1E6821C010182EBA005A22F6 /* VSShadowStyle.h */,
				1E6821C110182EBA005A22F6 /* VSShadowStyle.m */,
				1E6821EB10182FD5005A22F6 /* VSShapeStyle.h */,
				1E6821EC10182FD5005A22F6 /* VSShapeStyle.m */,
				1E68228710183826005A22F6 /* VSReflectiveFillStyle.h */,
				1E68228810183826005A22F6 /* VSReflectiveFillStyle.m */,
				1E0FDC5B101840EF007AFA92 /* VSBevelBorderStyle.h */,
				1E0FDC5C101840EF007AFA92 /* VSBevelBorderStyle.m */,
				1E0FDCD4101844D7007AFA92 /* VSInnerShadowStyle.h */,
				1E0FDCD5101844D7007AFA92 /* VSInnerShadowStyle.m */,
				1E0FDCE110184535007AFA92 /* VSFourBorderStyle.h */,
				1E0FDCE210184535007AFA92 /* VSFourBorderStyle.m */,
				1E0FDD0510184A48007AFA92 /* VSBoxStyle.h */,
				1E0FDD0610184A48007AFA92 /* VSBoxStyle.m */,
				1E0FDD1B10184B86007AFA92 /* VSMaskStyle.h */,
				1E0FDD1C10184B86007AFA92 /* VSMaskStyle.m */,
				1E526FB610A3D8440008B89D /* VSStyleSheet.h */,
				1E526FB710A3D8440008B89D /* VSStyleSheet.m */,
			);
			name = VSStyle;
			sourceTree = "<group>";
		};
		1E681E3D101820CB005A22F6 /* VSShape */ = {
			isa = PBXGroup;
			children = (
				1E68220E10183237005A22F6 /* VSShapes.h */,
				1E681DAE10181ABB005A22F6 /* VSShape.h */,
				1E681DAF10181ABB005A22F6 /* VSShape.m */,
				1E681E3E101820D7005A22F6 /* VSRectangleShape.h */,
				1E681E3F101820D7005A22F6 /* VSRectangleShape.m */,
				1E6821F110183192005A22F6 /* VSRoundedRectangleShape.h */,
				1E6821F210183192005A22F6 /* VSRoundedRectangleShape.m */,
				1E682227101835DA005A22F6 /* VSRoundedRightArrowShape.h */,
				1E682228101835DA005A22F6 /* VSRoundedRightArrowShape.m */,
				1E68222A10183602005A22F6 /* VSRoundedLeftArrowShape.h */,
				1E68222B10183602005A22F6 /* VSRoundedLeftArrowShape.m */,
				1E0FDCAA101843DA007AFA92 /* VSSpeechBubbleShape.h */,
				1E0FDCAB101843DA007AFA92 /* VSSpeechBubbleShape.m */,
			);
			name = VSShape;
			sourceTree = "<group>";
		};
		1EAA4DB610F189C90001A531 /* Categories */ = {
			isa = PBXGroup;
			children = (
				1E682064101822B0005A22F6 /* NSView+VSStyle.h */,
				1E682065101822B0005A22F6 /* NSView+VSStyle.m */,
				1E23702610CB42F000A03525 /* CALayer+VSStyle.h */,
				1E23702710CB42F000A03525 /* CALayer+VSStyle.m */,
				1E68218A10182C4B005A22F6 /* NSColor+CGColor.h */,
				1E68218B10182C4B005A22F6 /* NSColor+CGColor.m */,
				1E0FDBCD1018395E007AFA92 /* NSColorAdditions.h */,
				1E0FDBCE1018395E007AFA92 /* NSColorAdditions.m */,
				1E0FDD2410184C18007AFA92 /* NSImage+CGImage.h */,
				1E0FDD2510184C18007AFA92 /* NSImage+CGImage.m */,
				1E97CF39101B80F2003135D3 /* NSImage+ContentMode.h */,
				1E97CF3A101B80F2003135D3 /* NSImage+ContentMode.m */,
			);
			name = Categories;
			sourceTree = "<group>";
		};
		29B97314FDCFA39411CA2CEA /* TTStyleMacTest */ = {
			isa = PBXGroup;
			children = (
				080E96DDFE201D6D7F000001 /* Classes */,
				29B97315FDCFA39411CA2CEA /* Other Sources */,
				29B97317FDCFA39411CA2CEA /* Resources */,
				29B97323FDCFA39411CA2CEA /* Frameworks */,
				19C28FACFE9D520D11CA2CBB /* Products */,
				1E0FDD5C101A79DF007AFA92 /* VillainousStyle-Info.plist */,
				1E31240710AD260400D72994 /* Foundation.framework */,
				1E31240910AD260400D72994 /* UIKit.framework */,
				1E31242F10AD28A700D72994 /* CoreGraphics.framework */,
				1EFF7BFB10B5098C00354C65 /* QuartzCore.framework */,
				1EFF7C0110B5099C00354C65 /* AppKit.framework */,
				1EFF7C0310B5099C00354C65 /* Cocoa.framework */,
			);
			name = TTStyleMacTest;
			sourceTree = "<group>";
		};
		29B97315FDCFA39411CA2CEA /* Other Sources */ = {
			isa = PBXGroup;
			children = (
				29B97316FDCFA39411CA2CEA /* main.m */,
			);
			name = "Other Sources";
			sourceTree = "<group>";
		};
		29B97317FDCFA39411CA2CEA /* Resources */ = {
			isa = PBXGroup;
			children = (
				8D1107310486CEB800E47090 /* Info.plist */,
				089C165CFE840E0CC02AAC07 /* InfoPlist.strings */,
			);
			name = Resources;
			sourceTree = "<group>";
		};
		29B97323FDCFA39411CA2CEA /* Frameworks */ = {
			isa = PBXGroup;
			children = (
				1058C7A0FEA54F0111CA2CBB /* Linked Frameworks */,
				1058C7A2FEA54F0111CA2CBB /* Other Frameworks */,
			);
			name = Frameworks;
			sourceTree = "<group>";
		};
/* End PBXGroup section */

/* Begin PBXHeadersBuildPhase section */
		1E0FDD56101A79DF007AFA92 /* Headers */ = {
			isa = PBXHeadersBuildPhase;
			buildActionMask = 2147483647;
			files = (
				1E0FDDA5101A7A20007AFA92 /* NSColor+CGColor.h in Headers */,
				1E0FDDA6101A7A20007AFA92 /* NSColorAdditions.h in Headers */,
				1E0FDDA7101A7A20007AFA92 /* NSImage+CGImage.h in Headers */,
				1E0FDDA8101A7A20007AFA92 /* NSView+VSStyle.h in Headers */,
				1E0FDDA9101A7A20007AFA92 /* VSBevelBorderStyle.h in Headers */,
				1E0FDDAA101A7A20007AFA92 /* VSBoxStyle.h in Headers */,
				1E0FDDAB101A7A20007AFA92 /* VSFourBorderStyle.h in Headers */,
				1E0FDDAC101A7A20007AFA92 /* VSGlobal.h in Headers */,
				1E0FDDAD101A7A20007AFA92 /* VSInnerShadowStyle.h in Headers */,
				1E0FDDAE101A7A20007AFA92 /* VSInsetStyle.h in Headers */,
				1E0FDDAF101A7A20007AFA92 /* VSLinearGradientFillStyle.h in Headers */,
				1E0FDDB0101A7A20007AFA92 /* VSMaskStyle.h in Headers */,
				1E0FDDB1101A7A20007AFA92 /* VSPartStyle.h in Headers */,
				1E0FDDB2101A7A20007AFA92 /* VSRectangleShape.h in Headers */,
				1E0FDDB3101A7A20007AFA92 /* VSReflectiveFillStyle.h in Headers */,
				1E0FDDB4101A7A20007AFA92 /* VSRoundedLeftArrowShape.h in Headers */,
				1E0FDDB5101A7A20007AFA92 /* VSRoundedRectangleShape.h in Headers */,
				1E0FDDB6101A7A20007AFA92 /* VSRoundedRightArrowShape.h in Headers */,
				1E0FDDB7101A7A20007AFA92 /* VSShadowStyle.h in Headers */,
				1E0FDDB8101A7A20007AFA92 /* VSShape.h in Headers */,
				1E0FDDB9101A7A20007AFA92 /* VSShapes.h in Headers */,
				1E0FDDBA101A7A20007AFA92 /* VSShapeStyle.h in Headers */,
				1E0FDDBB101A7A20007AFA92 /* VSSolidBorderStyle.h in Headers */,
				1E0FDDBC101A7A20007AFA92 /* VSSolidFillStyle.h in Headers */,
				1E0FDDBD101A7A20007AFA92 /* VSSpeechBubbleShape.h in Headers */,
				1E0FDDBE101A7A20007AFA92 /* VSStyle.h in Headers */,
				1E0FDDBF101A7A20007AFA92 /* VSStyleContext.h in Headers */,
				1E0FDDC1101A7A20007AFA92 /* VSStyles.h in Headers */,
				1E97CF33101B8049003135D3 /* VSImageStyle.h in Headers */,
				1E97CF3B101B80F2003135D3 /* NSImage+ContentMode.h in Headers */,
				1E97CFD4101B8CCE003135D3 /* VSTextStyle.h in Headers */,
				1E526FB810A3D8440008B89D /* VSStyleSheet.h in Headers */,
				1E23702810CB42F000A03525 /* CALayer+VSStyle.h in Headers */,
				1E0BEA2710EEEA1C007CF5C8 /* VillainousStyle.h in Headers */,
				1E3B533910FC30E5007036C9 /* VSContentStyle.h in Headers */,
				1E3B534010FC3193007036C9 /* VSStyleDelegate.h in Headers */,
			);
			runOnlyForDeploymentPostprocessing = 0;
		};
		1E3123C710AD256C00D72994 /* Headers */ = {
			isa = PBXHeadersBuildPhase;
			buildActionMask = 2147483647;
			files = (
				1E23702A10CB42F000A03525 /* CALayer+VSStyle.h in Headers */,
				1E0BEA2610EEEA1C007CF5C8 /* VillainousStyle.h in Headers */,
				1E3B533B10FC30E5007036C9 /* VSContentStyle.h in Headers */,
				1E3B534110FC3193007036C9 /* VSStyleDelegate.h in Headers */,
			);
			runOnlyForDeploymentPostprocessing = 0;
		};
		1E5CFFB610ED61E600B7B095 /* Headers */ = {
			isa = PBXHeadersBuildPhase;
			buildActionMask = 2147483647;
			files = (
				1E5C003810ED652700B7B095 /* VSBoxStyle.h in Headers */,
				1E5C003910ED652700B7B095 /* VSPartStyle.h in Headers */,
				1E5C003A10ED652700B7B095 /* VSStyles.h in Headers */,
				1E5C003B10ED652700B7B095 /* VSTextStyle.h in Headers */,
				1E5C003C10ED652700B7B095 /* VSInsetStyle.h in Headers */,
				1E5C003D10ED652700B7B095 /* VSSolidFillStyle.h in Headers */,
				1E5C003E10ED652700B7B095 /* VSShapeStyle.h in Headers */,
				1E5C003F10ED652700B7B095 /* VSStyle.h in Headers */,
				1E5C004010ED652700B7B095 /* VSInnerShadowStyle.h in Headers */,
				1E5C004110ED652700B7B095 /* VSReflectiveFillStyle.h in Headers */,
				1E5C004210ED652700B7B095 /* VSStyleSheet.h in Headers */,
				1E5C004310ED652700B7B095 /* VSStyleContext.h in Headers */,
				1E5C004410ED652700B7B095 /* VSFourBorderStyle.h in Headers */,
				1E5C004510ED652700B7B095 /* VSShadowStyle.h in Headers */,
				1E5C004610ED652700B7B095 /* VSBevelBorderStyle.h in Headers */,
				1E5C004710ED652700B7B095 /* VSMaskStyle.h in Headers */,
				1E5C004810ED652700B7B095 /* VSImageStyle.h in Headers */,
				1E5C004910ED652700B7B095 /* VSLinearGradientFillStyle.h in Headers */,
				1E5C004A10ED652700B7B095 /* VSSolidBorderStyle.h in Headers */,
				1E0BEA2810EEEA1C007CF5C8 /* VillainousStyle.h in Headers */,
				1E3B533D10FC30E5007036C9 /* VSContentStyle.h in Headers */,
				1E3B534210FC3193007036C9 /* VSStyleDelegate.h in Headers */,
			);
			runOnlyForDeploymentPostprocessing = 0;
		};
/* End PBXHeadersBuildPhase section */

/* Begin PBXNativeTarget section */
		1E0FDD5A101A79DF007AFA92 /* VillainousStyle.framework */ = {
			isa = PBXNativeTarget;
			buildConfigurationList = 1E0FDD5F101A79E1007AFA92 /* Build configuration list for PBXNativeTarget "VillainousStyle.framework" */;
			buildPhases = (
				1E0FDD56101A79DF007AFA92 /* Headers */,
				1E0FDD57101A79DF007AFA92 /* Resources */,
				1E0FDD58101A79DF007AFA92 /* Sources */,
				1E0FDD59101A79DF007AFA92 /* Frameworks */,
			);
			buildRules = (
			);
			dependencies = (
			);
			name = VillainousStyle.framework;
			productName = TTStyle;
			productReference = 1E0FDD5B101A79DF007AFA92 /* VillainousStyle.framework */;
			productType = "com.apple.product-type.framework";
		};
		1E3123CA10AD256C00D72994 /* libVillainousStyle.a - iPhone */ = {
			isa = PBXNativeTarget;
			buildConfigurationList = 1E31240610AD25C700D72994 /* Build configuration list for PBXNativeTarget "libVillainousStyle.a - iPhone" */;
			buildPhases = (
				1E3123C710AD256C00D72994 /* Headers */,
				1E3123C810AD256C00D72994 /* Sources */,
				1E3123C910AD256C00D72994 /* Frameworks */,
				1EC85F5010B51BE20017E68B /* CopyFiles */,
			);
			buildRules = (
			);
			dependencies = (
			);
			name = "libVillainousStyle.a - iPhone";
			productName = VillainousStyle;
			productReference = 1E3123CB10AD256C00D72994 /* libVillainousStyle.a */;
			productType = "com.apple.product-type.library.static";
		};
		1E5CFFB910ED61E600B7B095 /* libVillainousStyle.a - Mac */ = {
			isa = PBXNativeTarget;
			buildConfigurationList = 1E5CFFC110ED61F500B7B095 /* Build configuration list for PBXNativeTarget "libVillainousStyle.a - Mac" */;
			buildPhases = (
				1E5CFFB610ED61E600B7B095 /* Headers */,
				1E5CFFB710ED61E600B7B095 /* Sources */,
				1E5CFFB810ED61E600B7B095 /* Frameworks */,
			);
			buildRules = (
			);
			dependencies = (
			);
			name = "libVillainousStyle.a - Mac";
			productName = libVillainousStyle;
			productReference = 1E5CFFBA10ED61E600B7B095 /* libVillainousStyle.a */;
			productType = "com.apple.product-type.library.static";
		};
/* End PBXNativeTarget section */

/* Begin PBXProject section */
		29B97313FDCFA39411CA2CEA /* Project object */ = {
			isa = PBXProject;
			buildConfigurationList = C01FCF4E08A954540054247B /* Build configuration list for PBXProject "VillainousStyle" */;
			compatibilityVersion = "Xcode 3.1";
			hasScannedForEncodings = 1;
			mainGroup = 29B97314FDCFA39411CA2CEA /* TTStyleMacTest */;
			projectDirPath = "";
			projectRoot = "";
			targets = (
				1E2370F010CB6A4100A03525 /* Headers */,
				1E0FDD5A101A79DF007AFA92 /* VillainousStyle.framework */,
				1E3123CA10AD256C00D72994 /* libVillainousStyle.a - iPhone */,
				1E5CFFB910ED61E600B7B095 /* libVillainousStyle.a - Mac */,
			);
		};
/* End PBXProject section */

/* Begin PBXResourcesBuildPhase section */
		1E0FDD57101A79DF007AFA92 /* Resources */ = {
			isa = PBXResourcesBuildPhase;
			buildActionMask = 2147483647;
			files = (
			);
			runOnlyForDeploymentPostprocessing = 0;
		};
/* End PBXResourcesBuildPhase section */

/* Begin PBXSourcesBuildPhase section */
		1E0FDD58101A79DF007AFA92 /* Sources */ = {
			isa = PBXSourcesBuildPhase;
			buildActionMask = 2147483647;
			files = (
				1E0FDD6C101A7A0A007AFA92 /* NSColor+CGColor.m in Sources */,
				1E0FDD6D101A7A0A007AFA92 /* NSImage+CGImage.m in Sources */,
				1E0FDD6E101A7A0A007AFA92 /* VSShape.m in Sources */,
				1E0FDD6F101A7A0A007AFA92 /* VSInnerShadowStyle.m in Sources */,
				1E0FDD70101A7A0A007AFA92 /* VSPartStyle.m in Sources */,
				1E0FDD71101A7A0A007AFA92 /* VSSolidFillStyle.m in Sources */,
				1E0FDD72101A7A0A007AFA92 /* VSInsetStyle.m in Sources */,
				1E0FDD73101A7A0A007AFA92 /* NSView+VSStyle.m in Sources */,
				1E0FDD74101A7A0A007AFA92 /* VSRectangleShape.m in Sources */,
				1E0FDD75101A7A0A007AFA92 /* VSMaskStyle.m in Sources */,
				1E0FDD76101A7A0A007AFA92 /* NSColorAdditions.m in Sources */,
				1E0FDD77101A7A0A007AFA92 /* VSSolidBorderStyle.m in Sources */,
				1E0FDD78101A7A0A007AFA92 /* VSLinearGradientFillStyle.m in Sources */,
				1E0FDD79101A7A0A007AFA92 /* VSShapeStyle.m in Sources */,
				1E0FDD7A101A7A0A007AFA92 /* VSStyleContext.m in Sources */,
				1E0FDD7B101A7A0A007AFA92 /* VSStyle.m in Sources */,
				1E0FDD7C101A7A0A007AFA92 /* VSRoundedRightArrowShape.m in Sources */,
				1E0FDD7D101A7A0A007AFA92 /* VSReflectiveFillStyle.m in Sources */,
				1E0FDD7E101A7A0A007AFA92 /* VSShadowStyle.m in Sources */,
				1E0FDD7F101A7A0A007AFA92 /* VSBoxStyle.m in Sources */,
				1E0FDD80101A7A0A007AFA92 /* VSRoundedLeftArrowShape.m in Sources */,
				1E0FDD81101A7A0A007AFA92 /* VSBevelBorderStyle.m in Sources */,
				1E0FDD82101A7A0A007AFA92 /* VSFourBorderStyle.m in Sources */,
				1E0FDD83101A7A0A007AFA92 /* VSRoundedRectangleShape.m in Sources */,
				1E0FDD84101A7A0A007AFA92 /* VSSpeechBubbleShape.m in Sources */,
				1E97CF34101B8049003135D3 /* VSImageStyle.m in Sources */,
				1E97CF3C101B80F2003135D3 /* NSImage+ContentMode.m in Sources */,
				1E97CFD5101B8CCE003135D3 /* VSTextStyle.m in Sources */,
				1E526FB910A3D8440008B89D /* VSStyleSheet.m in Sources */,
				1E23702910CB42F000A03525 /* CALayer+VSStyle.m in Sources */,
				1E3B533A10FC30E5007036C9 /* VSContentStyle.m in Sources */,
			);
			runOnlyForDeploymentPostprocessing = 0;
		};
		1E3123C810AD256C00D72994 /* Sources */ = {
			isa = PBXSourcesBuildPhase;
			buildActionMask = 2147483647;
			files = (
				1EC85FC810B51FB20017E68B /* NSImage+ContentMode.m in Sources */,
				1EC85FC910B51FB20017E68B /* VSBevelBorderStyle.m in Sources */,
				1EC85FCA10B51FB20017E68B /* VSReflectiveFillStyle.m in Sources */,
				1EC85FCB10B51FB20017E68B /* NSView+VSStyle.m in Sources */,
				1EC85FCC10B51FB20017E68B /* VSRoundedLeftArrowShape.m in Sources */,
				1EC85FCD10B51FB20017E68B /* VSLinearGradientFillStyle.m in Sources */,
				1EC85FCE10B51FB20017E68B /* VSRectangleShape.m in Sources */,
				1EC85FCF10B51FB20017E68B /* VSBoxStyle.m in Sources */,
				1EC85FD010B51FB20017E68B /* VSRoundedRectangleShape.m in Sources */,
				1EC85FD110B51FB20017E68B /* VSRoundedRightArrowShape.m in Sources */,
				1EC85FD210B51FB20017E68B /* VSSpeechBubbleShape.m in Sources */,
				1EC85FD310B51FB20017E68B /* VSMaskStyle.m in Sources */,
				1EC85FD410B51FB20017E68B /* VSInnerShadowStyle.m in Sources */,
				1EC85FD510B51FB20017E68B /* NSColor+CGColor.m in Sources */,
				1EC85FD610B51FB20017E68B /* VSInsetStyle.m in Sources */,
				1EC85FD710B51FB20017E68B /* VSShape.m in Sources */,
				1EC85FD810B51FB20017E68B /* VSShadowStyle.m in Sources */,
				1EC85FD910B51FB20017E68B /* VSStyleSheet.m in Sources */,
				1EC85FDA10B51FB20017E68B /* NSImage+CGImage.m in Sources */,
				1EC85FDB10B51FB20017E68B /* VSSolidFillStyle.m in Sources */,
				1EC85FDC10B51FB20017E68B /* VSShapeStyle.m in Sources */,
				1EC85FDD10B51FB20017E68B /* VSFourBorderStyle.m in Sources */,
				1EC85FDE10B51FB20017E68B /* VSImageStyle.m in Sources */,
				1EC85FDF10B51FB20017E68B /* VSTextStyle.m in Sources */,
				1EC85FE010B51FB20017E68B /* VSStyle.m in Sources */,
				1EC85FE110B51FB20017E68B /* NSColorAdditions.m in Sources */,
				1EC85FE210B51FB20017E68B /* VSSolidBorderStyle.m in Sources */,
				1EC85FE310B51FB20017E68B /* VSPartStyle.m in Sources */,
				1EC85FE410B51FB20017E68B /* VSStyleContext.m in Sources */,
				1E23702B10CB42F000A03525 /* CALayer+VSStyle.m in Sources */,
				1E3B533C10FC30E5007036C9 /* VSContentStyle.m in Sources */,
			);
			runOnlyForDeploymentPostprocessing = 0;
		};
		1E5CFFB710ED61E600B7B095 /* Sources */ = {
			isa = PBXSourcesBuildPhase;
			buildActionMask = 2147483647;
			files = (
				1E5C001A10ED651A00B7B095 /* VSBevelBorderStyle.m in Sources */,
				1E5C001B10ED651A00B7B095 /* VSStyleContext.m in Sources */,
				1E5C001C10ED651A00B7B095 /* VSSolidBorderStyle.m in Sources */,
				1E5C001D10ED651A00B7B095 /* VSRectangleShape.m in Sources */,
				1E5C001E10ED651A00B7B095 /* VSRoundedRectangleShape.m in Sources */,
				1E5C001F10ED651A00B7B095 /* VSInnerShadowStyle.m in Sources */,
				1E5C002010ED651A00B7B095 /* NSColorAdditions.m in Sources */,
				1E5C002110ED651A00B7B095 /* VSMaskStyle.m in Sources */,
				1E5C002210ED651A00B7B095 /* NSColor+CGColor.m in Sources */,
				1E5C002310ED651A00B7B095 /* VSReflectiveFillStyle.m in Sources */,
				1E5C002410ED651A00B7B095 /* VSPartStyle.m in Sources */,
				1E5C002510ED651A00B7B095 /* VSRoundedRightArrowShape.m in Sources */,
				1E5C002610ED651A00B7B095 /* VSStyle.m in Sources */,
				1E5C002710ED651A00B7B095 /* VSTextStyle.m in Sources */,
				1E5C002810ED651A00B7B095 /* VSFourBorderStyle.m in Sources */,
				1E5C002910ED651A00B7B095 /* NSImage+CGImage.m in Sources */,
				1E5C002A10ED651A00B7B095 /* VSBoxStyle.m in Sources */,
				1E5C002B10ED651A00B7B095 /* VSSolidFillStyle.m in Sources */,
				1E5C002C10ED651A00B7B095 /* VSShape.m in Sources */,
				1E5C002D10ED651A00B7B095 /* CALayer+VSStyle.m in Sources */,
				1E5C002E10ED651A00B7B095 /* VSLinearGradientFillStyle.m in Sources */,
				1E5C002F10ED651A00B7B095 /* VSStyleSheet.m in Sources */,
				1E5C003010ED651A00B7B095 /* VSShapeStyle.m in Sources */,
				1E5C003110ED651A00B7B095 /* NSImage+ContentMode.m in Sources */,
				1E5C003210ED651A00B7B095 /* VSInsetStyle.m in Sources */,
				1E5C003310ED651A00B7B095 /* VSSpeechBubbleShape.m in Sources */,
				1E5C003410ED651A00B7B095 /* VSRoundedLeftArrowShape.m in Sources */,
				1E5C003510ED651A00B7B095 /* NSView+VSStyle.m in Sources */,
				1E5C003610ED651A00B7B095 /* VSImageStyle.m in Sources */,
				1E5C003710ED651A00B7B095 /* VSShadowStyle.m in Sources */,
				1E3B533E10FC30E5007036C9 /* VSContentStyle.m in Sources */,
			);
			runOnlyForDeploymentPostprocessing = 0;
		};
/* End PBXSourcesBuildPhase section */

/* Begin PBXVariantGroup section */
		089C165CFE840E0CC02AAC07 /* InfoPlist.strings */ = {
			isa = PBXVariantGroup;
			children = (
				089C165DFE840E0CC02AAC07 /* English */,
			);
			name = InfoPlist.strings;
			sourceTree = "<group>";
		};
/* End PBXVariantGroup section */

/* Begin XCBuildConfiguration section */
		1E0FDD5D101A79E1007AFA92 /* Debug */ = {
			isa = XCBuildConfiguration;
			buildSettings = {
				ALWAYS_SEARCH_USER_PATHS = NO;
				ARCHS = "$(ARCHS_STANDARD_32_64_BIT)";
				CONFIGURATION_BUILD_DIR = "$(BUILD_DIR)/$(CONFIGURATION)$(EFFECTIVE_PLATFORM_NAME)/Mac";
				CONFIGURATION_TEMP_DIR = "$(PROJECT_TEMP_DIR)/$(CONFIGURATION)$(EFFECTIVE_PLATFORM_NAME)/Mac";
				COPY_PHASE_STRIP = NO;
				DYLIB_COMPATIBILITY_VERSION = 1;
				DYLIB_CURRENT_VERSION = 1;
				FRAMEWORK_VERSION = A;
				GCC_DYNAMIC_NO_PIC = NO;
				GCC_ENABLE_FIX_AND_CONTINUE = YES;
				GCC_MODEL_TUNING = G5;
				GCC_OPTIMIZATION_LEVEL = 0;
				GCC_PRECOMPILE_PREFIX_HEADER = YES;
				GCC_PREFIX_HEADER = "$(SYSTEM_LIBRARY_DIR)/Frameworks/AppKit.framework/Headers/AppKit.h";
				INFOPLIST_FILE = "VillainousStyle-Info.plist";
				INSTALL_PATH = "@loader_path/../Frameworks/${EXECUTABLE_PATH}";
				LD_DYLIB_INSTALL_NAME = "@loader_path/../Frameworks/${EXECUTABLE_PATH}";
				OTHER_LDFLAGS = (
					"-framework",
					Foundation,
					"-framework",
					AppKit,
				);
				PREBINDING = NO;
				PRODUCT_NAME = VillainousStyle;
			};
			name = Debug;
		};
		1E0FDD5E101A79E1007AFA92 /* Release */ = {
			isa = XCBuildConfiguration;
			buildSettings = {
				ALWAYS_SEARCH_USER_PATHS = NO;
				ARCHS = "$(ARCHS_STANDARD_32_64_BIT)";
				CONFIGURATION_BUILD_DIR = "$(BUILD_DIR)/$(CONFIGURATION)$(EFFECTIVE_PLATFORM_NAME)/Mac";
				CONFIGURATION_TEMP_DIR = "$(PROJECT_TEMP_DIR)/$(CONFIGURATION)$(EFFECTIVE_PLATFORM_NAME)/Mac";
				COPY_PHASE_STRIP = YES;
				DEBUG_INFORMATION_FORMAT = "dwarf-with-dsym";
				DYLIB_COMPATIBILITY_VERSION = 1;
				DYLIB_CURRENT_VERSION = 1;
				FRAMEWORK_VERSION = A;
				GCC_ENABLE_FIX_AND_CONTINUE = NO;
				GCC_MODEL_TUNING = G5;
				GCC_PRECOMPILE_PREFIX_HEADER = YES;
				GCC_PREFIX_HEADER = "$(SYSTEM_LIBRARY_DIR)/Frameworks/AppKit.framework/Headers/AppKit.h";
				INFOPLIST_FILE = "VillainousStyle-Info.plist";
				INSTALL_PATH = "@loader_path/../Frameworks/${EXECUTABLE_PATH}";
				LD_DYLIB_INSTALL_NAME = "@loader_path/../Frameworks/${EXECUTABLE_PATH}";
				OTHER_LDFLAGS = (
					"-framework",
					Foundation,
					"-framework",
					AppKit,
				);
				PREBINDING = NO;
				PRODUCT_NAME = VillainousStyle;
				ZERO_LINK = NO;
			};
			name = Release;
		};
		1E2370F110CB6A4200A03525 /* Debug */ = {
			isa = XCBuildConfiguration;
			buildSettings = {
				COPY_PHASE_STRIP = NO;
				GCC_DYNAMIC_NO_PIC = NO;
				GCC_OPTIMIZATION_LEVEL = 0;
				PRODUCT_NAME = Headers;
			};
			name = Debug;
		};
		1E2370F210CB6A4200A03525 /* Release */ = {
			isa = XCBuildConfiguration;
			buildSettings = {
				COPY_PHASE_STRIP = YES;
				DEBUG_INFORMATION_FORMAT = "dwarf-with-dsym";
				GCC_ENABLE_FIX_AND_CONTINUE = NO;
				PRODUCT_NAME = Headers;
				ZERO_LINK = NO;
			};
			name = Release;
		};
		1E3123CC10AD256D00D72994 /* Debug */ = {
			isa = XCBuildConfiguration;
			buildSettings = {
				ALWAYS_SEARCH_USER_PATHS = NO;
				CONFIGURATION_BUILD_DIR = "$(BUILD_DIR)/$(CONFIGURATION)$(EFFECTIVE_PLATFORM_NAME)/iPhone";
				CONFIGURATION_TEMP_DIR = "$(PROJECT_TEMP_DIR)/$(CONFIGURATION)$(EFFECTIVE_PLATFORM_NAME)/iPhone";
				COPY_PHASE_STRIP = NO;
				GCC_DYNAMIC_NO_PIC = NO;
				GCC_OPTIMIZATION_LEVEL = 0;
				PREBINDING = NO;
				PRODUCT_NAME = VillainousStyle;
				SDKROOT = iphonesimulator3.0;
			};
			name = Debug;
		};
		1E3123CD10AD256D00D72994 /* Release */ = {
			isa = XCBuildConfiguration;
			buildSettings = {
				ALWAYS_SEARCH_USER_PATHS = NO;
				CONFIGURATION_BUILD_DIR = "$(BUILD_DIR)/$(CONFIGURATION)$(EFFECTIVE_PLATFORM_NAME)/iPhone";
				CONFIGURATION_TEMP_DIR = "$(PROJECT_TEMP_DIR)/$(CONFIGURATION)$(EFFECTIVE_PLATFORM_NAME)/iPhone";
				COPY_PHASE_STRIP = YES;
				DEBUG_INFORMATION_FORMAT = "dwarf-with-dsym";
				GCC_ENABLE_FIX_AND_CONTINUE = NO;
				PREBINDING = NO;
				PRODUCT_NAME = VillainousStyle;
				SDKROOT = iphonesimulator3.0;
				ZERO_LINK = NO;
			};
			name = Release;
		};
		1E5CFFBB10ED61E700B7B095 /* Debug */ = {
			isa = XCBuildConfiguration;
			buildSettings = {
				ALWAYS_SEARCH_USER_PATHS = NO;
				ARCHS = "$(ARCHS_STANDARD_32_64_BIT)";
				CONFIGURATION_BUILD_DIR = "$(BUILD_DIR)/$(CONFIGURATION)$(EFFECTIVE_PLATFORM_NAME)/Mac";
				CONFIGURATION_TEMP_DIR = "$(PROJECT_TEMP_DIR)/$(CONFIGURATION)$(EFFECTIVE_PLATFORM_NAME)/Mac";
				COPY_PHASE_STRIP = NO;
				GCC_DYNAMIC_NO_PIC = NO;
				GCC_ENABLE_FIX_AND_CONTINUE = YES;
				GCC_MODEL_TUNING = G5;
				GCC_OPTIMIZATION_LEVEL = 0;
				GCC_PRECOMPILE_PREFIX_HEADER = YES;
				GCC_PREFIX_HEADER = "$(SYSTEM_LIBRARY_DIR)/Frameworks/AppKit.framework/Headers/AppKit.h";
				INSTALL_PATH = /usr/local/lib;
				OTHER_LDFLAGS = (
					"-framework",
					Foundation,
					"-framework",
					AppKit,
				);
				PREBINDING = NO;
				PRODUCT_NAME = VillainousStyle;
			};
			name = Debug;
		};
		1E5CFFBC10ED61E700B7B095 /* Release */ = {
			isa = XCBuildConfiguration;
			buildSettings = {
				ALWAYS_SEARCH_USER_PATHS = NO;
				ARCHS = "$(ARCHS_STANDARD_32_64_BIT)";
				CONFIGURATION_BUILD_DIR = "$(BUILD_DIR)/$(CONFIGURATION)$(EFFECTIVE_PLATFORM_NAME)/Mac";
				CONFIGURATION_TEMP_DIR = "$(PROJECT_TEMP_DIR)/$(CONFIGURATION)$(EFFECTIVE_PLATFORM_NAME)/Mac";
				COPY_PHASE_STRIP = YES;
				DEBUG_INFORMATION_FORMAT = "dwarf-with-dsym";
				GCC_ENABLE_FIX_AND_CONTINUE = NO;
				GCC_MODEL_TUNING = G5;
				GCC_PRECOMPILE_PREFIX_HEADER = YES;
				GCC_PREFIX_HEADER = "$(SYSTEM_LIBRARY_DIR)/Frameworks/AppKit.framework/Headers/AppKit.h";
				INSTALL_PATH = /usr/local/lib;
				OTHER_LDFLAGS = (
					"-framework",
					Foundation,
					"-framework",
					AppKit,
				);
				PREBINDING = NO;
				PRODUCT_NAME = VillainousStyle;
				ZERO_LINK = NO;
			};
			name = Release;
		};
		C01FCF4F08A954540054247B /* Debug */ = {
			isa = XCBuildConfiguration;
			buildSettings = {
				ARCHS = "$(ARCHS_STANDARD_32_BIT)";
				GCC_C_LANGUAGE_STANDARD = c99;
				GCC_OPTIMIZATION_LEVEL = 0;
				GCC_WARN_ABOUT_RETURN_TYPE = YES;
				GCC_WARN_UNUSED_VARIABLE = YES;
				ONLY_ACTIVE_ARCH = YES;
				PREBINDING = NO;
				SDKROOT = macosx10.5;
			};
			name = Debug;
		};
		C01FCF5008A954540054247B /* Release */ = {
			isa = XCBuildConfiguration;
			buildSettings = {
				ARCHS = "$(ARCHS_STANDARD_32_BIT)";
				GCC_C_LANGUAGE_STANDARD = c99;
				GCC_WARN_ABOUT_RETURN_TYPE = YES;
				GCC_WARN_UNUSED_VARIABLE = YES;
				PREBINDING = NO;
				SDKROOT = macosx10.5;
			};
			name = Release;
		};
/* End XCBuildConfiguration section */

/* Begin XCConfigurationList section */
		1E0FDD5F101A79E1007AFA92 /* Build configuration list for PBXNativeTarget "VillainousStyle.framework" */ = {
			isa = XCConfigurationList;
			buildConfigurations = (
				1E0FDD5D101A79E1007AFA92 /* Debug */,
				1E0FDD5E101A79E1007AFA92 /* Release */,
			);
			defaultConfigurationIsVisible = 0;
			defaultConfigurationName = Release;
		};
		1E2370FA10CB6A6400A03525 /* Build configuration list for PBXAggregateTarget "Headers" */ = {
			isa = XCConfigurationList;
			buildConfigurations = (
				1E2370F110CB6A4200A03525 /* Debug */,
				1E2370F210CB6A4200A03525 /* Release */,
			);
			defaultConfigurationIsVisible = 0;
			defaultConfigurationName = Release;
		};
		1E31240610AD25C700D72994 /* Build configuration list for PBXNativeTarget "libVillainousStyle.a - iPhone" */ = {
			isa = XCConfigurationList;
			buildConfigurations = (
				1E3123CC10AD256D00D72994 /* Debug */,
				1E3123CD10AD256D00D72994 /* Release */,
			);
			defaultConfigurationIsVisible = 0;
			defaultConfigurationName = Release;
		};
		1E5CFFC110ED61F500B7B095 /* Build configuration list for PBXNativeTarget "libVillainousStyle.a - Mac" */ = {
			isa = XCConfigurationList;
			buildConfigurations = (
				1E5CFFBB10ED61E700B7B095 /* Debug */,
				1E5CFFBC10ED61E700B7B095 /* Release */,
			);
			defaultConfigurationIsVisible = 0;
			defaultConfigurationName = Release;
		};
		C01FCF4E08A954540054247B /* Build configuration list for PBXProject "VillainousStyle" */ = {
			isa = XCConfigurationList;
			buildConfigurations = (
				C01FCF4F08A954540054247B /* Debug */,
				C01FCF5008A954540054247B /* Release */,
			);
			defaultConfigurationIsVisible = 0;
			defaultConfigurationName = Release;
		};
/* End XCConfigurationList section */
	};
	rootObject = 29B97313FDCFA39411CA2CEA /* Project object */;
}
